<?xml version="1.0" encoding="UTF-8"?>
<!DOCTYPE plist PUBLIC "-//Apple//DTD PLIST 1.0//EN" "http://www.apple.com/DTDs/PropertyList-1.0.dtd">
<plist version="1.0">
<dict>
	<key>archiveVersion</key>
	<string>1</string>
	<key>classes</key>
	<dict/>
	<key>objectVersion</key>
	<string>46</string>
	<key>objects</key>
	<dict>
		<key>012428FA7BFBBFF7EE125E77</key>
		<dict>
			<key>explicitFileType</key>
			<string>archive.ar</string>
			<key>includeInIndex</key>
			<string>0</string>
			<key>isa</key>
			<string>PBXFileReference</string>
			<key>path</key>
			<string>libPods-BlueWizardTests.a</string>
			<key>sourceTree</key>
			<string>BUILT_PRODUCTS_DIR</string>
		</dict>
		<key>081AC1A4326C7E60C28C4025</key>
		<dict>
			<key>includeInIndex</key>
			<string>1</string>
			<key>isa</key>
			<string>PBXFileReference</string>
			<key>lastKnownFileType</key>
			<string>text.xcconfig</string>
			<key>name</key>
			<string>Pods-BlueWizardTests.debug.xcconfig</string>
			<key>path</key>
			<string>Pods/Target Support Files/Pods-BlueWizardTests/Pods-BlueWizardTests.debug.xcconfig</string>
			<key>sourceTree</key>
			<string>&lt;group&gt;</string>
		</dict>
		<key>0DDCAB20D95F5504A7E934D8</key>
		<dict>
			<key>children</key>
			<array>
				<string>081AC1A4326C7E60C28C4025</string>
				<string>4D0C831C58081BACD3B2165D</string>
			</array>
			<key>isa</key>
			<string>PBXGroup</string>
			<key>name</key>
			<string>Pods</string>
			<key>sourceTree</key>
			<string>&lt;group&gt;</string>
		</dict>
		<key>3F78A7D1D2B765FB6243E609</key>
		<dict>
			<key>buildActionMask</key>
			<string>2147483647</string>
			<key>files</key>
			<array/>
			<key>inputPaths</key>
			<array/>
			<key>isa</key>
			<string>PBXShellScriptBuildPhase</string>
			<key>name</key>
			<string>Copy Pods Resources</string>
			<key>outputPaths</key>
			<array/>
			<key>runOnlyForDeploymentPostprocessing</key>
			<string>0</string>
			<key>shellPath</key>
			<string>/bin/sh</string>
			<key>shellScript</key>
			<string>"${SRCROOT}/Pods/Target Support Files/Pods-BlueWizardTests/Pods-BlueWizardTests-resources.sh"
</string>
			<key>showEnvVarsInLog</key>
			<string>0</string>
		</dict>
		<key>4D0C831C58081BACD3B2165D</key>
		<dict>
			<key>includeInIndex</key>
			<string>1</string>
			<key>isa</key>
			<string>PBXFileReference</string>
			<key>lastKnownFileType</key>
			<string>text.xcconfig</string>
			<key>name</key>
			<string>Pods-BlueWizardTests.release.xcconfig</string>
			<key>path</key>
			<string>Pods/Target Support Files/Pods-BlueWizardTests/Pods-BlueWizardTests.release.xcconfig</string>
			<key>sourceTree</key>
			<string>&lt;group&gt;</string>
		</dict>
		<key>724DCD8E9C86FB5BBAEF60CD</key>
		<dict>
			<key>children</key>
			<array>
				<string>CDDF61F51A9B0B0F00AE78F6</string>
				<string>012428FA7BFBBFF7EE125E77</string>
			</array>
			<key>isa</key>
			<string>PBXGroup</string>
			<key>name</key>
			<string>Frameworks</string>
			<key>sourceTree</key>
			<string>&lt;group&gt;</string>
		</dict>
		<key>862E7D6824C15959F0D03E52</key>
		<dict>
			<key>fileRef</key>
			<string>012428FA7BFBBFF7EE125E77</string>
			<key>isa</key>
			<string>PBXBuildFile</string>
		</dict>
		<key>CD7731161A9AEB04006155F0</key>
		<dict>
			<key>fileEncoding</key>
			<string>4</string>
			<key>isa</key>
			<string>PBXFileReference</string>
			<key>lastKnownFileType</key>
			<string>sourcecode.c.objc</string>
			<key>path</key>
			<string>BitPackerTests.m</string>
			<key>sourceTree</key>
			<string>&lt;group&gt;</string>
		</dict>
		<key>CD7731171A9AEB04006155F0</key>
		<dict>
			<key>fileRef</key>
			<string>CD7731161A9AEB04006155F0</string>
			<key>isa</key>
			<string>PBXBuildFile</string>
		</dict>
		<key>CD7731181A9AEB53006155F0</key>
		<dict>
			<key>fileEncoding</key>
			<string>4</string>
			<key>isa</key>
			<string>PBXFileReference</string>
			<key>lastKnownFileType</key>
			<string>sourcecode.c.objc</string>
			<key>path</key>
			<string>FrameDataBinaryEncoderTests.m</string>
			<key>sourceTree</key>
			<string>&lt;group&gt;</string>
		</dict>
		<key>CD7731191A9AEB53006155F0</key>
		<dict>
			<key>fileRef</key>
			<string>CD7731181A9AEB53006155F0</string>
			<key>isa</key>
			<string>PBXBuildFile</string>
		</dict>
		<key>CDA1F7311A9AF2120011B4B5</key>
		<dict>
			<key>fileEncoding</key>
			<string>4</string>
			<key>isa</key>
			<string>PBXFileReference</string>
			<key>lastKnownFileType</key>
			<string>sourcecode.c.h</string>
			<key>path</key>
			<string>BitPacker.h</string>
			<key>sourceTree</key>
			<string>&lt;group&gt;</string>
		</dict>
		<key>CDA1F7321A9AF2120011B4B5</key>
		<dict>
			<key>fileEncoding</key>
			<string>4</string>
			<key>isa</key>
			<string>PBXFileReference</string>
			<key>lastKnownFileType</key>
			<string>sourcecode.c.objc</string>
			<key>path</key>
			<string>BitPacker.m</string>
			<key>sourceTree</key>
			<string>&lt;group&gt;</string>
		</dict>
		<key>CDA1F7331A9AF2120011B4B5</key>
		<dict>
			<key>fileEncoding</key>
			<string>4</string>
			<key>isa</key>
			<string>PBXFileReference</string>
			<key>lastKnownFileType</key>
			<string>sourcecode.c.h</string>
			<key>path</key>
			<string>FrameDataBinaryEncoder.h</string>
			<key>sourceTree</key>
			<string>&lt;group&gt;</string>
		</dict>
		<key>CDA1F7341A9AF2120011B4B5</key>
		<dict>
			<key>fileEncoding</key>
			<string>4</string>
			<key>isa</key>
			<string>PBXFileReference</string>
			<key>lastKnownFileType</key>
			<string>sourcecode.c.objc</string>
			<key>path</key>
			<string>FrameDataBinaryEncoder.m</string>
			<key>sourceTree</key>
			<string>&lt;group&gt;</string>
		</dict>
		<key>CDA1F7351A9AF2120011B4B5</key>
		<dict>
			<key>fileRef</key>
			<string>CDA1F7321A9AF2120011B4B5</string>
			<key>isa</key>
			<string>PBXBuildFile</string>
		</dict>
		<key>CDA1F7361A9AF2120011B4B5</key>
		<dict>
			<key>fileRef</key>
			<string>CDA1F7341A9AF2120011B4B5</string>
			<key>isa</key>
			<string>PBXBuildFile</string>
		</dict>
		<key>CDA1F7371A9AF2170011B4B5</key>
		<dict>
			<key>children</key>
			<array>
				<string>CDA1F7381A9AF21E0011B4B5</string>
				<string>CDA1F7391A9AF3680011B4B5</string>
				<string>CDA1F73A1A9AF3680011B4B5</string>
			</array>
			<key>isa</key>
			<string>PBXGroup</string>
			<key>name</key>
			<string>Classes</string>
			<key>sourceTree</key>
			<string>&lt;group&gt;</string>
		</dict>
		<key>CDA1F7381A9AF21E0011B4B5</key>
		<dict>
			<key>children</key>
			<array>
				<string>CDA1F7311A9AF2120011B4B5</string>
				<string>CDA1F7321A9AF2120011B4B5</string>
				<string>CDA1F7331A9AF2120011B4B5</string>
				<string>CDA1F7341A9AF2120011B4B5</string>
			</array>
			<key>isa</key>
			<string>PBXGroup</string>
			<key>name</key>
			<string>BitPacker</string>
			<key>sourceTree</key>
			<string>&lt;group&gt;</string>
		</dict>
		<key>CDA1F7391A9AF3680011B4B5</key>
		<dict>
			<key>fileEncoding</key>
			<string>4</string>
			<key>isa</key>
			<string>PBXFileReference</string>
			<key>lastKnownFileType</key>
			<string>sourcecode.c.h</string>
			<key>path</key>
			<string>CodingTable.h</string>
			<key>sourceTree</key>
			<string>&lt;group&gt;</string>
		</dict>
		<key>CDA1F73A1A9AF3680011B4B5</key>
		<dict>
			<key>fileEncoding</key>
			<string>4</string>
			<key>isa</key>
			<string>PBXFileReference</string>
			<key>lastKnownFileType</key>
			<string>sourcecode.c.objc</string>
			<key>path</key>
			<string>CodingTable.m</string>
			<key>sourceTree</key>
			<string>&lt;group&gt;</string>
		</dict>
		<key>CDA1F73B1A9AF3680011B4B5</key>
		<dict>
			<key>fileRef</key>
			<string>CDA1F73A1A9AF3680011B4B5</string>
			<key>isa</key>
			<string>PBXBuildFile</string>
		</dict>
		<key>CDBF22CB1A99C916001E25AB</key>
		<dict>
			<key>children</key>
			<array>
				<string>CDBF22D61A99C917001E25AB</string>
				<string>CDBF22ED1A99C917001E25AB</string>
				<string>CDBF22D51A99C917001E25AB</string>
				<string>724DCD8E9C86FB5BBAEF60CD</string>
				<string>0DDCAB20D95F5504A7E934D8</string>
			</array>
			<key>isa</key>
			<string>PBXGroup</string>
			<key>sourceTree</key>
			<string>&lt;group&gt;</string>
		</dict>
		<key>CDBF22CC1A99C916001E25AB</key>
		<dict>
			<key>attributes</key>
			<dict>
				<key>LastUpgradeCheck</key>
				<string>0610</string>
				<key>ORGANIZATIONNAME</key>
				<string>Patrick Collins</string>
				<key>TargetAttributes</key>
				<dict>
					<key>CDBF22D31A99C916001E25AB</key>
					<dict>
						<key>CreatedOnToolsVersion</key>
						<string>6.1.1</string>
					</dict>
					<key>CDBF22E91A99C917001E25AB</key>
					<dict>
						<key>CreatedOnToolsVersion</key>
						<string>6.1.1</string>
						<key>TestTargetID</key>
						<string>CDBF22D31A99C916001E25AB</string>
					</dict>
				</dict>
			</dict>
			<key>buildConfigurationList</key>
			<string>CDBF22CF1A99C916001E25AB</string>
			<key>compatibilityVersion</key>
			<string>Xcode 3.2</string>
			<key>developmentRegion</key>
			<string>English</string>
			<key>hasScannedForEncodings</key>
			<string>0</string>
			<key>isa</key>
			<string>PBXProject</string>
			<key>knownRegions</key>
			<array>
				<string>en</string>
				<string>Base</string>
			</array>
			<key>mainGroup</key>
			<string>CDBF22CB1A99C916001E25AB</string>
			<key>productRefGroup</key>
			<string>CDBF22D51A99C917001E25AB</string>
			<key>projectDirPath</key>
			<string></string>
			<key>projectReferences</key>
			<array/>
			<key>projectRoot</key>
			<string></string>
			<key>targets</key>
			<array>
				<string>CDBF22D31A99C916001E25AB</string>
				<string>CDBF22E91A99C917001E25AB</string>
			</array>
		</dict>
		<key>CDBF22CF1A99C916001E25AB</key>
		<dict>
			<key>buildConfigurations</key>
			<array>
				<string>CDBF22F21A99C917001E25AB</string>
				<string>CDBF22F31A99C917001E25AB</string>
			</array>
			<key>defaultConfigurationIsVisible</key>
			<string>0</string>
			<key>defaultConfigurationName</key>
			<string>Release</string>
			<key>isa</key>
			<string>XCConfigurationList</string>
		</dict>
		<key>CDBF22D01A99C916001E25AB</key>
		<dict>
			<key>buildActionMask</key>
			<string>2147483647</string>
			<key>files</key>
			<array>
				<string>CDA1F7361A9AF2120011B4B5</string>
				<string>CDBF22E01A99C917001E25AB</string>
				<string>CDBF22DD1A99C917001E25AB</string>
				<string>CDBF22DB1A99C917001E25AB</string>
				<string>CDA1F73B1A9AF3680011B4B5</string>
				<string>CDA1F7351A9AF2120011B4B5</string>
			</array>
			<key>isa</key>
			<string>PBXSourcesBuildPhase</string>
			<key>runOnlyForDeploymentPostprocessing</key>
			<string>0</string>
		</dict>
		<key>CDBF22D11A99C916001E25AB</key>
		<dict>
			<key>buildActionMask</key>
			<string>2147483647</string>
			<key>files</key>
			<array/>
			<key>isa</key>
			<string>PBXFrameworksBuildPhase</string>
			<key>runOnlyForDeploymentPostprocessing</key>
			<string>0</string>
		</dict>
		<key>CDBF22D21A99C916001E25AB</key>
		<dict>
			<key>buildActionMask</key>
			<string>2147483647</string>
			<key>files</key>
			<array>
				<string>CDBF22E21A99C917001E25AB</string>
				<string>CDBF22E51A99C917001E25AB</string>
			</array>
			<key>isa</key>
			<string>PBXResourcesBuildPhase</string>
			<key>runOnlyForDeploymentPostprocessing</key>
			<string>0</string>
		</dict>
		<key>CDBF22D31A99C916001E25AB</key>
		<dict>
			<key>buildConfigurationList</key>
			<string>CDBF22F41A99C917001E25AB</string>
			<key>buildPhases</key>
			<array>
				<string>CDBF22D01A99C916001E25AB</string>
				<string>CDBF22D11A99C916001E25AB</string>
				<string>CDBF22D21A99C916001E25AB</string>
			</array>
			<key>buildRules</key>
			<array/>
			<key>dependencies</key>
			<array/>
			<key>isa</key>
			<string>PBXNativeTarget</string>
			<key>name</key>
			<string>BlueWizard</string>
			<key>productName</key>
			<string>BlueWizard</string>
			<key>productReference</key>
			<string>CDBF22D41A99C917001E25AB</string>
			<key>productType</key>
			<string>com.apple.product-type.application</string>
		</dict>
		<key>CDBF22D41A99C917001E25AB</key>
		<dict>
			<key>explicitFileType</key>
			<string>wrapper.application</string>
			<key>includeInIndex</key>
			<string>0</string>
			<key>isa</key>
			<string>PBXFileReference</string>
			<key>path</key>
			<string>BlueWizard.app</string>
			<key>sourceTree</key>
			<string>BUILT_PRODUCTS_DIR</string>
		</dict>
		<key>CDBF22D51A99C917001E25AB</key>
		<dict>
			<key>children</key>
			<array>
				<string>CDBF22D41A99C917001E25AB</string>
				<string>CDBF22EA1A99C917001E25AB</string>
			</array>
			<key>isa</key>
			<string>PBXGroup</string>
			<key>name</key>
			<string>Products</string>
			<key>sourceTree</key>
			<string>&lt;group&gt;</string>
		</dict>
		<key>CDBF22D61A99C917001E25AB</key>
		<dict>
			<key>children</key>
			<array>
				<string>CDA1F7371A9AF2170011B4B5</string>
				<string>CDBF22D91A99C917001E25AB</string>
				<string>CDBF22DA1A99C917001E25AB</string>
				<string>CDBF22DE1A99C917001E25AB</string>
				<string>CDBF22DF1A99C917001E25AB</string>
				<string>CDBF22E11A99C917001E25AB</string>
				<string>CDBF22E31A99C917001E25AB</string>
				<string>CDBF22D71A99C917001E25AB</string>
			</array>
			<key>isa</key>
			<string>PBXGroup</string>
			<key>path</key>
			<string>BlueWizard</string>
			<key>sourceTree</key>
			<string>&lt;group&gt;</string>
		</dict>
		<key>CDBF22D71A99C917001E25AB</key>
		<dict>
			<key>children</key>
			<array>
				<string>CDBF22D81A99C917001E25AB</string>
				<string>CDBF22DC1A99C917001E25AB</string>
			</array>
			<key>isa</key>
			<string>PBXGroup</string>
			<key>name</key>
			<string>Supporting Files</string>
			<key>sourceTree</key>
			<string>&lt;group&gt;</string>
		</dict>
		<key>CDBF22D81A99C917001E25AB</key>
		<dict>
			<key>isa</key>
			<string>PBXFileReference</string>
			<key>lastKnownFileType</key>
			<string>text.plist.xml</string>
			<key>path</key>
			<string>Info.plist</string>
			<key>sourceTree</key>
			<string>&lt;group&gt;</string>
		</dict>
		<key>CDBF22D91A99C917001E25AB</key>
		<dict>
			<key>isa</key>
			<string>PBXFileReference</string>
			<key>lastKnownFileType</key>
			<string>sourcecode.c.h</string>
			<key>path</key>
			<string>AppDelegate.h</string>
			<key>sourceTree</key>
			<string>&lt;group&gt;</string>
		</dict>
		<key>CDBF22DA1A99C917001E25AB</key>
		<dict>
			<key>isa</key>
			<string>PBXFileReference</string>
			<key>lastKnownFileType</key>
			<string>sourcecode.c.objc</string>
			<key>path</key>
			<string>AppDelegate.m</string>
			<key>sourceTree</key>
			<string>&lt;group&gt;</string>
		</dict>
		<key>CDBF22DB1A99C917001E25AB</key>
		<dict>
			<key>fileRef</key>
			<string>CDBF22DA1A99C917001E25AB</string>
			<key>isa</key>
			<string>PBXBuildFile</string>
		</dict>
		<key>CDBF22DC1A99C917001E25AB</key>
		<dict>
			<key>isa</key>
			<string>PBXFileReference</string>
			<key>lastKnownFileType</key>
			<string>sourcecode.c.objc</string>
			<key>path</key>
			<string>main.m</string>
			<key>sourceTree</key>
			<string>&lt;group&gt;</string>
		</dict>
		<key>CDBF22DD1A99C917001E25AB</key>
		<dict>
			<key>fileRef</key>
			<string>CDBF22DC1A99C917001E25AB</string>
			<key>isa</key>
			<string>PBXBuildFile</string>
		</dict>
		<key>CDBF22DE1A99C917001E25AB</key>
		<dict>
			<key>isa</key>
			<string>PBXFileReference</string>
			<key>lastKnownFileType</key>
			<string>sourcecode.c.h</string>
			<key>path</key>
			<string>ViewController.h</string>
			<key>sourceTree</key>
			<string>&lt;group&gt;</string>
		</dict>
		<key>CDBF22DF1A99C917001E25AB</key>
		<dict>
			<key>isa</key>
			<string>PBXFileReference</string>
			<key>lastKnownFileType</key>
			<string>sourcecode.c.objc</string>
			<key>path</key>
			<string>ViewController.m</string>
			<key>sourceTree</key>
			<string>&lt;group&gt;</string>
		</dict>
		<key>CDBF22E01A99C917001E25AB</key>
		<dict>
			<key>fileRef</key>
			<string>CDBF22DF1A99C917001E25AB</string>
			<key>isa</key>
			<string>PBXBuildFile</string>
		</dict>
		<key>CDBF22E11A99C917001E25AB</key>
		<dict>
			<key>isa</key>
			<string>PBXFileReference</string>
			<key>lastKnownFileType</key>
			<string>folder.assetcatalog</string>
			<key>path</key>
			<string>Images.xcassets</string>
			<key>sourceTree</key>
			<string>&lt;group&gt;</string>
		</dict>
		<key>CDBF22E21A99C917001E25AB</key>
		<dict>
			<key>fileRef</key>
			<string>CDBF22E11A99C917001E25AB</string>
			<key>isa</key>
			<string>PBXBuildFile</string>
		</dict>
		<key>CDBF22E31A99C917001E25AB</key>
		<dict>
			<key>children</key>
			<array>
				<string>CDBF22E41A99C917001E25AB</string>
			</array>
			<key>isa</key>
			<string>PBXVariantGroup</string>
			<key>name</key>
			<string>Main.storyboard</string>
			<key>sourceTree</key>
			<string>&lt;group&gt;</string>
		</dict>
		<key>CDBF22E41A99C917001E25AB</key>
		<dict>
			<key>isa</key>
			<string>PBXFileReference</string>
			<key>lastKnownFileType</key>
			<string>file.storyboard</string>
			<key>name</key>
			<string>Base</string>
			<key>path</key>
			<string>Base.lproj/Main.storyboard</string>
			<key>sourceTree</key>
			<string>&lt;group&gt;</string>
		</dict>
		<key>CDBF22E51A99C917001E25AB</key>
		<dict>
			<key>fileRef</key>
			<string>CDBF22E31A99C917001E25AB</string>
			<key>isa</key>
			<string>PBXBuildFile</string>
		</dict>
		<key>CDBF22E61A99C917001E25AB</key>
		<dict>
			<key>buildActionMask</key>
			<string>2147483647</string>
			<key>files</key>
			<array>
				<string>CD7731191A9AEB53006155F0</string>
				<string>CDBF22F11A99C917001E25AB</string>
				<string>CD7731171A9AEB04006155F0</string>
			</array>
			<key>isa</key>
			<string>PBXSourcesBuildPhase</string>
			<key>runOnlyForDeploymentPostprocessing</key>
			<string>0</string>
		</dict>
		<key>CDBF22E71A99C917001E25AB</key>
		<dict>
			<key>buildActionMask</key>
			<string>2147483647</string>
			<key>files</key>
			<array>
				<string>862E7D6824C15959F0D03E52</string>
			</array>
			<key>isa</key>
			<string>PBXFrameworksBuildPhase</string>
			<key>runOnlyForDeploymentPostprocessing</key>
			<string>0</string>
		</dict>
		<key>CDBF22E81A99C917001E25AB</key>
		<dict>
			<key>buildActionMask</key>
			<string>2147483647</string>
			<key>files</key>
			<array/>
			<key>isa</key>
			<string>PBXResourcesBuildPhase</string>
			<key>runOnlyForDeploymentPostprocessing</key>
			<string>0</string>
		</dict>
		<key>CDBF22E91A99C917001E25AB</key>
		<dict>
			<key>buildConfigurationList</key>
			<string>CDBF22F71A99C917001E25AB</string>
			<key>buildPhases</key>
			<array>
				<string>E6C6084F029E1E24E2C7B8E0</string>
				<string>CDBF22E61A99C917001E25AB</string>
				<string>CDBF22E71A99C917001E25AB</string>
				<string>CDBF22E81A99C917001E25AB</string>
				<string>3F78A7D1D2B765FB6243E609</string>
			</array>
			<key>buildRules</key>
			<array/>
			<key>dependencies</key>
			<array>
				<string>CDBF22EC1A99C917001E25AB</string>
			</array>
			<key>isa</key>
			<string>PBXNativeTarget</string>
			<key>name</key>
			<string>BlueWizardTests</string>
			<key>productName</key>
			<string>BlueWizardTests</string>
			<key>productReference</key>
			<string>CDBF22EA1A99C917001E25AB</string>
			<key>productType</key>
			<string>com.apple.product-type.bundle.unit-test</string>
		</dict>
		<key>CDBF22EA1A99C917001E25AB</key>
		<dict>
			<key>explicitFileType</key>
			<string>wrapper.cfbundle</string>
			<key>includeInIndex</key>
			<string>0</string>
			<key>isa</key>
			<string>PBXFileReference</string>
			<key>path</key>
			<string>BlueWizardTests.xctest</string>
			<key>sourceTree</key>
			<string>BUILT_PRODUCTS_DIR</string>
		</dict>
		<key>CDBF22EB1A99C917001E25AB</key>
		<dict>
			<key>containerPortal</key>
			<string>CDBF22CC1A99C916001E25AB</string>
			<key>isa</key>
			<string>PBXContainerItemProxy</string>
			<key>proxyType</key>
			<string>1</string>
			<key>remoteGlobalIDString</key>
			<string>CDBF22D31A99C916001E25AB</string>
			<key>remoteInfo</key>
			<string>BlueWizard</string>
		</dict>
		<key>CDBF22EC1A99C917001E25AB</key>
		<dict>
			<key>isa</key>
			<string>PBXTargetDependency</string>
			<key>target</key>
			<string>CDBF22D31A99C916001E25AB</string>
			<key>targetProxy</key>
			<string>CDBF22EB1A99C917001E25AB</string>
		</dict>
		<key>CDBF22ED1A99C917001E25AB</key>
		<dict>
			<key>children</key>
			<array>
				<string>CDBF22F01A99C917001E25AB</string>
				<string>CDBF22EE1A99C917001E25AB</string>
				<string>CD7731161A9AEB04006155F0</string>
				<string>CD7731181A9AEB53006155F0</string>
			</array>
			<key>isa</key>
			<string>PBXGroup</string>
			<key>path</key>
			<string>BlueWizardTests</string>
			<key>sourceTree</key>
			<string>&lt;group&gt;</string>
		</dict>
		<key>CDBF22EE1A99C917001E25AB</key>
		<dict>
			<key>children</key>
			<array>
				<string>CDBF22EF1A99C917001E25AB</string>
			</array>
			<key>isa</key>
			<string>PBXGroup</string>
			<key>name</key>
			<string>Supporting Files</string>
			<key>sourceTree</key>
			<string>&lt;group&gt;</string>
		</dict>
		<key>CDBF22EF1A99C917001E25AB</key>
		<dict>
			<key>isa</key>
			<string>PBXFileReference</string>
			<key>lastKnownFileType</key>
			<string>text.plist.xml</string>
			<key>path</key>
			<string>Info.plist</string>
			<key>sourceTree</key>
			<string>&lt;group&gt;</string>
		</dict>
		<key>CDBF22F01A99C917001E25AB</key>
		<dict>
			<key>isa</key>
			<string>PBXFileReference</string>
			<key>lastKnownFileType</key>
			<string>sourcecode.c.objc</string>
			<key>path</key>
			<string>BlueWizardTests.m</string>
			<key>sourceTree</key>
			<string>&lt;group&gt;</string>
		</dict>
		<key>CDBF22F11A99C917001E25AB</key>
		<dict>
			<key>fileRef</key>
			<string>CDBF22F01A99C917001E25AB</string>
			<key>isa</key>
			<string>PBXBuildFile</string>
		</dict>
		<key>CDBF22F21A99C917001E25AB</key>
		<dict>
			<key>buildSettings</key>
			<dict>
				<key>ALWAYS_SEARCH_USER_PATHS</key>
				<string>NO</string>
				<key>CLANG_CXX_LANGUAGE_STANDARD</key>
				<string>gnu++0x</string>
				<key>CLANG_CXX_LIBRARY</key>
				<string>libc++</string>
				<key>CLANG_ENABLE_MODULES</key>
				<string>YES</string>
				<key>CLANG_ENABLE_OBJC_ARC</key>
				<string>YES</string>
				<key>CLANG_WARN_BOOL_CONVERSION</key>
				<string>YES</string>
				<key>CLANG_WARN_CONSTANT_CONVERSION</key>
				<string>YES</string>
				<key>CLANG_WARN_DIRECT_OBJC_ISA_USAGE</key>
				<string>YES_ERROR</string>
				<key>CLANG_WARN_EMPTY_BODY</key>
				<string>YES</string>
				<key>CLANG_WARN_ENUM_CONVERSION</key>
				<string>YES</string>
				<key>CLANG_WARN_INT_CONVERSION</key>
				<string>YES</string>
				<key>CLANG_WARN_OBJC_ROOT_CLASS</key>
				<string>YES_ERROR</string>
				<key>CLANG_WARN_UNREACHABLE_CODE</key>
				<string>YES</string>
				<key>CLANG_WARN__DUPLICATE_METHOD_MATCH</key>
				<string>YES</string>
				<key>CODE_SIGN_IDENTITY</key>
				<string>-</string>
				<key>COPY_PHASE_STRIP</key>
				<string>NO</string>
				<key>ENABLE_STRICT_OBJC_MSGSEND</key>
				<string>YES</string>
				<key>GCC_C_LANGUAGE_STANDARD</key>
				<string>gnu99</string>
				<key>GCC_DYNAMIC_NO_PIC</key>
				<string>NO</string>
				<key>GCC_OPTIMIZATION_LEVEL</key>
				<string>0</string>
				<key>GCC_PREPROCESSOR_DEFINITIONS</key>
				<array>
					<string>DEBUG=1</string>
					<string>$(inherited)</string>
				</array>
				<key>GCC_SYMBOLS_PRIVATE_EXTERN</key>
				<string>NO</string>
				<key>GCC_WARN_64_TO_32_BIT_CONVERSION</key>
				<string>YES</string>
				<key>GCC_WARN_ABOUT_RETURN_TYPE</key>
				<string>YES_ERROR</string>
				<key>GCC_WARN_UNDECLARED_SELECTOR</key>
				<string>YES</string>
				<key>GCC_WARN_UNINITIALIZED_AUTOS</key>
				<string>YES_AGGRESSIVE</string>
				<key>GCC_WARN_UNUSED_FUNCTION</key>
				<string>YES</string>
				<key>GCC_WARN_UNUSED_VARIABLE</key>
				<string>YES</string>
				<key>MACOSX_DEPLOYMENT_TARGET</key>
				<string>10.10</string>
				<key>MTL_ENABLE_DEBUG_INFO</key>
				<string>YES</string>
				<key>ONLY_ACTIVE_ARCH</key>
				<string>YES</string>
				<key>SDKROOT</key>
				<string>macosx</string>
			</dict>
			<key>isa</key>
			<string>XCBuildConfiguration</string>
			<key>name</key>
			<string>Debug</string>
		</dict>
		<key>CDBF22F31A99C917001E25AB</key>
		<dict>
			<key>buildSettings</key>
			<dict>
				<key>ALWAYS_SEARCH_USER_PATHS</key>
				<string>NO</string>
				<key>CLANG_CXX_LANGUAGE_STANDARD</key>
				<string>gnu++0x</string>
				<key>CLANG_CXX_LIBRARY</key>
				<string>libc++</string>
				<key>CLANG_ENABLE_MODULES</key>
				<string>YES</string>
				<key>CLANG_ENABLE_OBJC_ARC</key>
				<string>YES</string>
				<key>CLANG_WARN_BOOL_CONVERSION</key>
				<string>YES</string>
				<key>CLANG_WARN_CONSTANT_CONVERSION</key>
				<string>YES</string>
				<key>CLANG_WARN_DIRECT_OBJC_ISA_USAGE</key>
				<string>YES_ERROR</string>
				<key>CLANG_WARN_EMPTY_BODY</key>
				<string>YES</string>
				<key>CLANG_WARN_ENUM_CONVERSION</key>
				<string>YES</string>
				<key>CLANG_WARN_INT_CONVERSION</key>
				<string>YES</string>
				<key>CLANG_WARN_OBJC_ROOT_CLASS</key>
				<string>YES_ERROR</string>
				<key>CLANG_WARN_UNREACHABLE_CODE</key>
				<string>YES</string>
				<key>CLANG_WARN__DUPLICATE_METHOD_MATCH</key>
				<string>YES</string>
				<key>CODE_SIGN_IDENTITY</key>
				<string>-</string>
				<key>COPY_PHASE_STRIP</key>
				<string>YES</string>
				<key>DEBUG_INFORMATION_FORMAT</key>
				<string>dwarf-with-dsym</string>
				<key>ENABLE_NS_ASSERTIONS</key>
				<string>NO</string>
				<key>ENABLE_STRICT_OBJC_MSGSEND</key>
				<string>YES</string>
				<key>GCC_C_LANGUAGE_STANDARD</key>
				<string>gnu99</string>
				<key>GCC_WARN_64_TO_32_BIT_CONVERSION</key>
				<string>YES</string>
				<key>GCC_WARN_ABOUT_RETURN_TYPE</key>
				<string>YES_ERROR</string>
				<key>GCC_WARN_UNDECLARED_SELECTOR</key>
				<string>YES</string>
				<key>GCC_WARN_UNINITIALIZED_AUTOS</key>
				<string>YES_AGGRESSIVE</string>
				<key>GCC_WARN_UNUSED_FUNCTION</key>
				<string>YES</string>
				<key>GCC_WARN_UNUSED_VARIABLE</key>
				<string>YES</string>
				<key>MACOSX_DEPLOYMENT_TARGET</key>
				<string>10.10</string>
				<key>MTL_ENABLE_DEBUG_INFO</key>
				<string>NO</string>
				<key>SDKROOT</key>
				<string>macosx</string>
			</dict>
			<key>isa</key>
			<string>XCBuildConfiguration</string>
			<key>name</key>
			<string>Release</string>
		</dict>
		<key>CDBF22F41A99C917001E25AB</key>
		<dict>
			<key>buildConfigurations</key>
			<array>
				<string>CDBF22F51A99C917001E25AB</string>
				<string>CDBF22F61A99C917001E25AB</string>
			</array>
			<key>defaultConfigurationIsVisible</key>
			<string>0</string>
			<key>defaultConfigurationName</key>
			<string>Release</string>
			<key>isa</key>
			<string>XCConfigurationList</string>
		</dict>
		<key>CDBF22F51A99C917001E25AB</key>
		<dict>
			<key>buildSettings</key>
			<dict>
				<key>ASSETCATALOG_COMPILER_APPICON_NAME</key>
				<string>AppIcon</string>
				<key>COMBINE_HIDPI_IMAGES</key>
				<string>YES</string>
				<key>INFOPLIST_FILE</key>
				<string>BlueWizard/Info.plist</string>
				<key>LD_RUNPATH_SEARCH_PATHS</key>
				<string>$(inherited) @executable_path/../Frameworks</string>
				<key>PRODUCT_NAME</key>
				<string>$(TARGET_NAME)</string>
				<key>USER_HEADER_SEARCH_PATHS</key>
				<string>$(PROJECT_DIR)/**</string>
			</dict>
			<key>isa</key>
			<string>XCBuildConfiguration</string>
			<key>name</key>
			<string>Debug</string>
		</dict>
		<key>CDBF22F61A99C917001E25AB</key>
		<dict>
			<key>buildSettings</key>
			<dict>
				<key>ASSETCATALOG_COMPILER_APPICON_NAME</key>
				<string>AppIcon</string>
				<key>COMBINE_HIDPI_IMAGES</key>
				<string>YES</string>
				<key>INFOPLIST_FILE</key>
				<string>BlueWizard/Info.plist</string>
				<key>LD_RUNPATH_SEARCH_PATHS</key>
				<string>$(inherited) @executable_path/../Frameworks</string>
				<key>PRODUCT_NAME</key>
				<string>$(TARGET_NAME)</string>
				<key>USER_HEADER_SEARCH_PATHS</key>
				<string>$(PROJECT_DIR)/**</string>
			</dict>
			<key>isa</key>
			<string>XCBuildConfiguration</string>
			<key>name</key>
			<string>Release</string>
		</dict>
		<key>CDBF22F71A99C917001E25AB</key>
		<dict>
			<key>buildConfigurations</key>
			<array>
				<string>CDBF22F81A99C917001E25AB</string>
				<string>CDBF22F91A99C917001E25AB</string>
			</array>
			<key>defaultConfigurationIsVisible</key>
			<string>0</string>
			<key>defaultConfigurationName</key>
			<string>Release</string>
			<key>isa</key>
			<string>XCConfigurationList</string>
		</dict>
		<key>CDBF22F81A99C917001E25AB</key>
		<dict>
			<key>baseConfigurationReference</key>
			<string>081AC1A4326C7E60C28C4025</string>
			<key>buildSettings</key>
			<dict>
				<key>BUNDLE_LOADER</key>
				<string>$(TEST_HOST)</string>
				<key>COMBINE_HIDPI_IMAGES</key>
				<string>YES</string>
				<key>FRAMEWORK_SEARCH_PATHS</key>
				<array>
					<string>$(DEVELOPER_FRAMEWORKS_DIR)</string>
					<string>$(inherited)</string>
				</array>
				<key>GCC_PREPROCESSOR_DEFINITIONS</key>
				<array>
					<string>DEBUG=1</string>
					<string>$(inherited)</string>
				</array>
				<key>HEADER_SEARCH_PATHS</key>
				<array>
					<string>$(inherited)</string>
					<string>$(PROJECT_DIR)/usr/include</string>
				</array>
				<key>INFOPLIST_FILE</key>
				<string>BlueWizardTests/Info.plist</string>
				<key>LD_RUNPATH_SEARCH_PATHS</key>
				<string>$(inherited) @executable_path/../Frameworks @loader_path/../Frameworks</string>
				<key>OTHER_CFLAGS</key>
				<array>
					<string>$(inherited)</string>
					<string>-isystem</string>
					<string>"${PODS_ROOT}/Headers/Public"</string>
					<string>-isystem</string>
				</array>
				<key>OTHER_LDFLAGS</key>
				<array>
					<string>-ObjC</string>
					<string>$(inherited)</string>
				</array>
				<key>PRODUCT_NAME</key>
				<string>$(TARGET_NAME)</string>
				<key>TEST_HOST</key>
				<string>$(BUILT_PRODUCTS_DIR)/BlueWizard.app/Contents/MacOS/BlueWizard</string>
			</dict>
			<key>isa</key>
			<string>XCBuildConfiguration</string>
			<key>name</key>
			<string>Debug</string>
		</dict>
		<key>CDBF22F91A99C917001E25AB</key>
		<dict>
			<key>baseConfigurationReference</key>
			<string>4D0C831C58081BACD3B2165D</string>
			<key>buildSettings</key>
			<dict>
				<key>BUNDLE_LOADER</key>
				<string>$(TEST_HOST)</string>
				<key>COMBINE_HIDPI_IMAGES</key>
				<string>YES</string>
				<key>FRAMEWORK_SEARCH_PATHS</key>
				<array>
					<string>$(DEVELOPER_FRAMEWORKS_DIR)</string>
					<string>$(inherited)</string>
				</array>
				<key>HEADER_SEARCH_PATHS</key>
				<array>
					<string>$(inherited)</string>
					<string>$(PROJECT_DIR)/usr/include</string>
				</array>
				<key>INFOPLIST_FILE</key>
				<string>BlueWizardTests/Info.plist</string>
				<key>LD_RUNPATH_SEARCH_PATHS</key>
				<string>$(inherited) @executable_path/../Frameworks @loader_path/../Frameworks</string>
				<key>OTHER_CFLAGS</key>
				<array>
					<string>$(inherited)</string>
					<string>-isystem</string>
					<string>"${PODS_ROOT}/Headers/Public"</string>
					<string>-isystem</string>
				</array>
				<key>OTHER_LDFLAGS</key>
				<array>
					<string>-ObjC</string>
					<string>$(inherited)</string>
				</array>
				<key>PRODUCT_NAME</key>
				<string>$(TARGET_NAME)</string>
				<key>TEST_HOST</key>
				<string>$(BUILT_PRODUCTS_DIR)/BlueWizard.app/Contents/MacOS/BlueWizard</string>
			</dict>
			<key>isa</key>
			<string>XCBuildConfiguration</string>
			<key>name</key>
			<string>Release</string>
		</dict>
		<key>CDDF61F51A9B0B0F00AE78F6</key>
		<dict>
			<key>children</key>
			<array/>
			<key>isa</key>
			<string>PBXGroup</string>
			<key>name</key>
			<string>Local Podspecs</string>
			<key>path</key>
			<string>Pods/Local Podspecs</string>
			<key>sourceTree</key>
			<string>&lt;group&gt;</string>
		</dict>
		<key>E6C6084F029E1E24E2C7B8E0</key>
		<dict>
			<key>buildActionMask</key>
			<string>2147483647</string>
			<key>files</key>
			<array/>
			<key>inputPaths</key>
			<array/>
			<key>isa</key>
			<string>PBXShellScriptBuildPhase</string>
			<key>name</key>
			<string>Check Pods Manifest.lock</string>
			<key>outputPaths</key>
			<array/>
			<key>runOnlyForDeploymentPostprocessing</key>
			<string>0</string>
			<key>shellPath</key>
			<string>/bin/sh</string>
			<key>shellScript</key>
			<string>diff "${PODS_ROOT}/../Podfile.lock" "${PODS_ROOT}/Manifest.lock" &gt; /dev/null
if [[ $? != 0 ]] ; then
    cat &lt;&lt; EOM
error: The sandbox is not in sync with the Podfile.lock. Run 'pod install' or update your CocoaPods installation.
EOM
    exit 1
fi
</string>
			<key>showEnvVarsInLog</key>
			<string>0</string>
		</dict>
	</dict>
	<key>rootObject</key>
	<string>CDBF22CC1A99C916001E25AB</string>
</dict>
</plist>
