// !$*UTF8*$!
{
	archiveVersion = 1;
	classes = {
	};
	objectVersion = 46;
	objects = {

/* Begin PBXBuildFile section */
		862E7D6824C15959F0D03E52 /* libPods-BlueWizardTests.a in Frameworks */ = {isa = PBXBuildFile; fileRef = 012428FA7BFBBFF7EE125E77 /* libPods-BlueWizardTests.a */; };
		CD1680651AC77F7E009920C3 /* Filterer.m in Sources */ = {isa = PBXBuildFile; fileRef = CD1680621AC77F7E009920C3 /* Filterer.m */; };
		CD2570921E230A2900637C34 /* Credits.rtf in Resources */ = {isa = PBXBuildFile; fileRef = CD2570911E230A2900637C34 /* Credits.rtf */; };
		CD3B09141AAE416F00D54399 /* PitchEstimator.m in Sources */ = {isa = PBXBuildFile; fileRef = CD3B09131AAE416F00D54399 /* PitchEstimator.m */; };
		CD4663061BA52750009835D1 /* LargeWaveformViewController.m in Sources */ = {isa = PBXBuildFile; fileRef = CD4663051BA52750009835D1 /* LargeWaveformViewController.m */; };
		CD4C2D911E9171860028727C /* ReflectorTests.m in Sources */ = {isa = PBXBuildFile; fileRef = CD4C2D901E9171860028727C /* ReflectorTests.m */; };
		CD563B5E1AA16872001880B6 /* AudioToolbox.framework in Frameworks */ = {isa = PBXBuildFile; fileRef = CD563B5B1AA16872001880B6 /* AudioToolbox.framework */; };
		CD563B5F1AA16872001880B6 /* AudioUnit.framework in Frameworks */ = {isa = PBXBuildFile; fileRef = CD563B5C1AA16872001880B6 /* AudioUnit.framework */; };
		CD563B601AA16872001880B6 /* CoreAudio.framework in Frameworks */ = {isa = PBXBuildFile; fileRef = CD563B5D1AA16872001880B6 /* CoreAudio.framework */; };
		CD563B651AA2A1DF001880B6 /* Input.m in Sources */ = {isa = PBXBuildFile; fileRef = CD563B641AA2A1DF001880B6 /* Input.m */; };
		CD6A673A1AAA88C300515777 /* WaveformView.m in Sources */ = {isa = PBXBuildFile; fileRef = CD6A67391AAA88C300515777 /* WaveformView.m */; };
		CD7626971AA43673001E0A9E /* Media.xcassets in Resources */ = {isa = PBXBuildFile; fileRef = CD7626961AA43673001E0A9E /* Media.xcassets */; };
		CD76269A1AA43ABB001E0A9E /* HammingWindow.m in Sources */ = {isa = PBXBuildFile; fileRef = CD7626991AA43ABB001E0A9E /* HammingWindow.m */; };
		CD76269D1AA454E8001E0A9E /* ClosestValueFinder.m in Sources */ = {isa = PBXBuildFile; fileRef = CD76269C1AA454E8001E0A9E /* ClosestValueFinder.m */; };
		CD76269F1AA45500001E0A9E /* ClosestValueFinderTests.m in Sources */ = {isa = PBXBuildFile; fileRef = CD76269E1AA45500001E0A9E /* ClosestValueFinderTests.m */; };
		CD7626A21AA51275001E0A9E /* Autocorrelator.m in Sources */ = {isa = PBXBuildFile; fileRef = CD7626A11AA51275001E0A9E /* Autocorrelator.m */; };
		CD7626A51AA51593001E0A9E /* Reflector.m in Sources */ = {isa = PBXBuildFile; fileRef = CD7626A41AA51593001E0A9E /* Reflector.m */; };
		CD7626A81AA5A6CD001E0A9E /* Buffer.m in Sources */ = {isa = PBXBuildFile; fileRef = CD7626A71AA5A6CD001E0A9E /* Buffer.m */; };
		CD7626AB1AA66A04001E0A9E /* PreEmphasizer.m in Sources */ = {isa = PBXBuildFile; fileRef = CD7626AA1AA66A04001E0A9E /* PreEmphasizer.m */; };
		CD7626AD1AA66AA4001E0A9E /* BufferTests.m in Sources */ = {isa = PBXBuildFile; fileRef = CD7626AC1AA66AA4001E0A9E /* BufferTests.m */; };
		CD7626B51AA6A770001E0A9E /* FrameData.m in Sources */ = {isa = PBXBuildFile; fileRef = CD7626B41AA6A770001E0A9E /* FrameData.m */; };
		CD7626B71AA6A7B5001E0A9E /* FrameDataTests.m in Sources */ = {isa = PBXBuildFile; fileRef = CD7626B61AA6A7B5001E0A9E /* FrameDataTests.m */; };
		CD7626BA1AA6FB7B001E0A9E /* UserSettings.m in Sources */ = {isa = PBXBuildFile; fileRef = CD7626B91AA6FB7B001E0A9E /* UserSettings.m */; };
		CD7626BD1AA6FF44001E0A9E /* Segmenter.m in Sources */ = {isa = PBXBuildFile; fileRef = CD7626BC1AA6FF44001E0A9E /* Segmenter.m */; };
		CD7626BF1AA7052E001E0A9E /* SegmenterTests.m in Sources */ = {isa = PBXBuildFile; fileRef = CD7626BE1AA7052E001E0A9E /* SegmenterTests.m */; };
		CD7626C21AA85FB0001E0A9E /* RMSNormalizer.m in Sources */ = {isa = PBXBuildFile; fileRef = CD7626C11AA85FB0001E0A9E /* RMSNormalizer.m */; };
		CD7626C41AA860F0001E0A9E /* RMSNormalizerTests.m in Sources */ = {isa = PBXBuildFile; fileRef = CD7626C31AA860F0001E0A9E /* RMSNormalizerTests.m */; };
		CD7626C71AA90D9E001E0A9E /* Processor.m in Sources */ = {isa = PBXBuildFile; fileRef = CD7626C61AA90D9E001E0A9E /* Processor.m */; };
		CD7731171A9AEB04006155F0 /* BitPackerTests.m in Sources */ = {isa = PBXBuildFile; fileRef = CD7731161A9AEB04006155F0 /* BitPackerTests.m */; };
		CD7731191A9AEB53006155F0 /* FrameDataBinaryEncoderTests.m in Sources */ = {isa = PBXBuildFile; fileRef = CD7731181A9AEB53006155F0 /* FrameDataBinaryEncoderTests.m */; };
		CD773DE11AA3DFCC004091CC /* Output.m in Sources */ = {isa = PBXBuildFile; fileRef = CD773DE01AA3DFCC004091CC /* Output.m */; };
		CD79FA9E1A9B11EE008DE994 /* HexConverter.m in Sources */ = {isa = PBXBuildFile; fileRef = CD79FA9D1A9B11EE008DE994 /* HexConverter.m */; };
		CD79FAA01A9B1205008DE994 /* HexConverterTests.m in Sources */ = {isa = PBXBuildFile; fileRef = CD79FA9F1A9B1205008DE994 /* HexConverterTests.m */; };
		CD79FAA31A9B1B47008DE994 /* NibbleBitReverser.m in Sources */ = {isa = PBXBuildFile; fileRef = CD79FAA21A9B1B47008DE994 /* NibbleBitReverser.m */; };
		CD79FAA51A9B1B5D008DE994 /* NibbleBitReverserTests.m in Sources */ = {isa = PBXBuildFile; fileRef = CD79FAA41A9B1B5D008DE994 /* NibbleBitReverserTests.m */; };
		CD79FAAA1A9B1F65008DE994 /* BitHelpers.m in Sources */ = {isa = PBXBuildFile; fileRef = CD79FAA91A9B1F65008DE994 /* BitHelpers.m */; };
		CD79FAAD1A9BD62C008DE994 /* NibbleSwitcher.m in Sources */ = {isa = PBXBuildFile; fileRef = CD79FAAC1A9BD62C008DE994 /* NibbleSwitcher.m */; };
		CD79FAAF1A9BD643008DE994 /* NibbleSwitcherTests.m in Sources */ = {isa = PBXBuildFile; fileRef = CD79FAAE1A9BD643008DE994 /* NibbleSwitcherTests.m */; };
		CD79FAB21A9C5677008DE994 /* HexByteBinaryEncoder.m in Sources */ = {isa = PBXBuildFile; fileRef = CD79FAB11A9C5677008DE994 /* HexByteBinaryEncoder.m */; };
		CD79FAB41A9C56E1008DE994 /* HexByteBinaryEncoderTests.m in Sources */ = {isa = PBXBuildFile; fileRef = CD79FAB31A9C56E1008DE994 /* HexByteBinaryEncoderTests.m */; };
		CD79FABD1A9D2A0A008DE994 /* tms5220.txt in Resources */ = {isa = PBXBuildFile; fileRef = CD79FABA1A9D2A0A008DE994 /* tms5220.txt */; };
		CD79FAC21A9D2A1C008DE994 /* SpeechDataReader.m in Sources */ = {isa = PBXBuildFile; fileRef = CD79FABF1A9D2A1C008DE994 /* SpeechDataReader.m */; };
		CD79FAC31A9D2A1C008DE994 /* SpeechSynthesizer.mm in Sources */ = {isa = PBXBuildFile; fileRef = CD79FAC11A9D2A1C008DE994 /* SpeechSynthesizer.mm */; };
		CD95A5911AAAFBE00044EDAA /* PlayheadView.m in Sources */ = {isa = PBXBuildFile; fileRef = CD95A5901AAAFBE00044EDAA /* PlayheadView.m */; };
		CD99A7AE1AA155FD003BC67E /* Sampler.m in Sources */ = {isa = PBXBuildFile; fileRef = CD99A7AD1AA155FD003BC67E /* Sampler.m */; };
		CDA1F7351A9AF2120011B4B5 /* BitPacker.m in Sources */ = {isa = PBXBuildFile; fileRef = CDA1F7321A9AF2120011B4B5 /* BitPacker.m */; };
		CDA1F7361A9AF2120011B4B5 /* FrameDataBinaryEncoder.m in Sources */ = {isa = PBXBuildFile; fileRef = CDA1F7341A9AF2120011B4B5 /* FrameDataBinaryEncoder.m */; };
		CDA1F73B1A9AF3680011B4B5 /* CodingTable.m in Sources */ = {isa = PBXBuildFile; fileRef = CDA1F73A1A9AF3680011B4B5 /* CodingTable.m */; };
		CDBA9F7C1BA086A50025D497 /* tms5220.cpp in Sources */ = {isa = PBXBuildFile; fileRef = CD79FAB81A9D2A0A008DE994 /* tms5220.cpp */; };
		CDBF22DB1A99C917001E25AB /* AppDelegate.m in Sources */ = {isa = PBXBuildFile; fileRef = CDBF22DA1A99C917001E25AB /* AppDelegate.m */; };
		CDBF22DD1A99C917001E25AB /* main.m in Sources */ = {isa = PBXBuildFile; fileRef = CDBF22DC1A99C917001E25AB /* main.m */; };
		CDBF22E01A99C917001E25AB /* ViewController.m in Sources */ = {isa = PBXBuildFile; fileRef = CDBF22DF1A99C917001E25AB /* ViewController.m */; };
		CDBF22E51A99C917001E25AB /* Main.storyboard in Resources */ = {isa = PBXBuildFile; fileRef = CDBF22E31A99C917001E25AB /* Main.storyboard */; };
		CDC5A1F11E88E207000BFC66 /* HexFormatter.m in Sources */ = {isa = PBXBuildFile; fileRef = CDC5A1F01E88E207000BFC66 /* HexFormatter.m */; };
		CDFBCEC41AD0C85800E9A893 /* TimeMachine.m in Sources */ = {isa = PBXBuildFile; fileRef = CDFBCEC31AD0C85800E9A893 /* TimeMachine.m */; };
/* End PBXBuildFile section */

/* Begin PBXContainerItemProxy section */
		CDBF22EB1A99C917001E25AB /* PBXContainerItemProxy */ = {
			isa = PBXContainerItemProxy;
			containerPortal = CDBF22CC1A99C916001E25AB /* Project object */;
			proxyType = 1;
			remoteGlobalIDString = CDBF22D31A99C916001E25AB;
			remoteInfo = BlueWizard;
		};
/* End PBXContainerItemProxy section */

/* Begin PBXFileReference section */
		012428FA7BFBBFF7EE125E77 /* libPods-BlueWizardTests.a */ = {isa = PBXFileReference; explicitFileType = archive.ar; includeInIndex = 0; path = "libPods-BlueWizardTests.a"; sourceTree = BUILT_PRODUCTS_DIR; };
		081AC1A4326C7E60C28C4025 /* Pods-BlueWizardTests.debug.xcconfig */ = {isa = PBXFileReference; includeInIndex = 1; lastKnownFileType = text.xcconfig; name = "Pods-BlueWizardTests.debug.xcconfig"; path = "Pods/Target Support Files/Pods-BlueWizardTests/Pods-BlueWizardTests.debug.xcconfig"; sourceTree = "<group>"; };
		4D0C831C58081BACD3B2165D /* Pods-BlueWizardTests.release.xcconfig */ = {isa = PBXFileReference; includeInIndex = 1; lastKnownFileType = text.xcconfig; name = "Pods-BlueWizardTests.release.xcconfig"; path = "Pods/Target Support Files/Pods-BlueWizardTests/Pods-BlueWizardTests.release.xcconfig"; sourceTree = "<group>"; };
		CD1680611AC77F7E009920C3 /* Filterer.h */ = {isa = PBXFileReference; fileEncoding = 4; lastKnownFileType = sourcecode.c.h; path = Filterer.h; sourceTree = "<group>"; };
		CD1680621AC77F7E009920C3 /* Filterer.m */ = {isa = PBXFileReference; fileEncoding = 4; lastKnownFileType = sourcecode.c.objc; path = Filterer.m; sourceTree = "<group>"; };
		CD2570911E230A2900637C34 /* Credits.rtf */ = {isa = PBXFileReference; fileEncoding = 4; lastKnownFileType = text.rtf; path = Credits.rtf; sourceTree = "<group>"; };
		CD3B09121AAE416F00D54399 /* PitchEstimator.h */ = {isa = PBXFileReference; fileEncoding = 4; lastKnownFileType = sourcecode.c.h; path = PitchEstimator.h; sourceTree = "<group>"; };
		CD3B09131AAE416F00D54399 /* PitchEstimator.m */ = {isa = PBXFileReference; fileEncoding = 4; lastKnownFileType = sourcecode.c.objc; path = PitchEstimator.m; sourceTree = "<group>"; };
		CD4663041BA52750009835D1 /* LargeWaveformViewController.h */ = {isa = PBXFileReference; fileEncoding = 4; lastKnownFileType = sourcecode.c.h; path = LargeWaveformViewController.h; sourceTree = "<group>"; };
		CD4663051BA52750009835D1 /* LargeWaveformViewController.m */ = {isa = PBXFileReference; fileEncoding = 4; lastKnownFileType = sourcecode.c.objc; path = LargeWaveformViewController.m; sourceTree = "<group>"; };
		CD4AC00F1AB1621400E57489 /* NotificationNames.h */ = {isa = PBXFileReference; lastKnownFileType = sourcecode.c.h; path = NotificationNames.h; sourceTree = "<group>"; };
		CD4C2D901E9171860028727C /* ReflectorTests.m */ = {isa = PBXFileReference; fileEncoding = 4; lastKnownFileType = sourcecode.c.objc; path = ReflectorTests.m; sourceTree = "<group>"; };
		CD563B5B1AA16872001880B6 /* AudioToolbox.framework */ = {isa = PBXFileReference; lastKnownFileType = wrapper.framework; name = AudioToolbox.framework; path = System/Library/Frameworks/AudioToolbox.framework; sourceTree = SDKROOT; };
		CD563B5C1AA16872001880B6 /* AudioUnit.framework */ = {isa = PBXFileReference; lastKnownFileType = wrapper.framework; name = AudioUnit.framework; path = System/Library/Frameworks/AudioUnit.framework; sourceTree = SDKROOT; };
		CD563B5D1AA16872001880B6 /* CoreAudio.framework */ = {isa = PBXFileReference; lastKnownFileType = wrapper.framework; name = CoreAudio.framework; path = System/Library/Frameworks/CoreAudio.framework; sourceTree = SDKROOT; };
		CD563B631AA2A1DF001880B6 /* Input.h */ = {isa = PBXFileReference; fileEncoding = 4; lastKnownFileType = sourcecode.c.h; path = Input.h; sourceTree = "<group>"; };
		CD563B641AA2A1DF001880B6 /* Input.m */ = {isa = PBXFileReference; fileEncoding = 4; lastKnownFileType = sourcecode.c.objc; path = Input.m; sourceTree = "<group>"; };
		CD6A67381AAA88C300515777 /* WaveformView.h */ = {isa = PBXFileReference; fileEncoding = 4; lastKnownFileType = sourcecode.c.h; path = WaveformView.h; sourceTree = "<group>"; };
		CD6A67391AAA88C300515777 /* WaveformView.m */ = {isa = PBXFileReference; fileEncoding = 4; lastKnownFileType = sourcecode.c.objc; path = WaveformView.m; sourceTree = "<group>"; };
		CD7626961AA43673001E0A9E /* Media.xcassets */ = {isa = PBXFileReference; lastKnownFileType = folder.assetcatalog; path = Media.xcassets; sourceTree = "<group>"; };
		CD7626981AA43ABB001E0A9E /* HammingWindow.h */ = {isa = PBXFileReference; fileEncoding = 4; lastKnownFileType = sourcecode.c.h; path = HammingWindow.h; sourceTree = "<group>"; };
		CD7626991AA43ABB001E0A9E /* HammingWindow.m */ = {isa = PBXFileReference; fileEncoding = 4; lastKnownFileType = sourcecode.c.objc; path = HammingWindow.m; sourceTree = "<group>"; };
		CD76269B1AA454E8001E0A9E /* ClosestValueFinder.h */ = {isa = PBXFileReference; fileEncoding = 4; lastKnownFileType = sourcecode.c.h; path = ClosestValueFinder.h; sourceTree = "<group>"; };
		CD76269C1AA454E8001E0A9E /* ClosestValueFinder.m */ = {isa = PBXFileReference; fileEncoding = 4; lastKnownFileType = sourcecode.c.objc; path = ClosestValueFinder.m; sourceTree = "<group>"; };
		CD76269E1AA45500001E0A9E /* ClosestValueFinderTests.m */ = {isa = PBXFileReference; fileEncoding = 4; lastKnownFileType = sourcecode.c.objc; path = ClosestValueFinderTests.m; sourceTree = "<group>"; };
		CD7626A01AA51275001E0A9E /* Autocorrelator.h */ = {isa = PBXFileReference; fileEncoding = 4; lastKnownFileType = sourcecode.c.h; path = Autocorrelator.h; sourceTree = "<group>"; };
		CD7626A11AA51275001E0A9E /* Autocorrelator.m */ = {isa = PBXFileReference; fileEncoding = 4; lastKnownFileType = sourcecode.c.objc; path = Autocorrelator.m; sourceTree = "<group>"; };
		CD7626A31AA51593001E0A9E /* Reflector.h */ = {isa = PBXFileReference; fileEncoding = 4; lastKnownFileType = sourcecode.c.h; path = Reflector.h; sourceTree = "<group>"; };
		CD7626A41AA51593001E0A9E /* Reflector.m */ = {isa = PBXFileReference; fileEncoding = 4; lastKnownFileType = sourcecode.c.objc; path = Reflector.m; sourceTree = "<group>"; };
		CD7626A61AA5A6CD001E0A9E /* Buffer.h */ = {isa = PBXFileReference; fileEncoding = 4; lastKnownFileType = sourcecode.c.h; path = Buffer.h; sourceTree = "<group>"; };
		CD7626A71AA5A6CD001E0A9E /* Buffer.m */ = {isa = PBXFileReference; fileEncoding = 4; lastKnownFileType = sourcecode.c.objc; path = Buffer.m; sourceTree = "<group>"; };
		CD7626A91AA66A04001E0A9E /* PreEmphasizer.h */ = {isa = PBXFileReference; fileEncoding = 4; lastKnownFileType = sourcecode.c.h; path = PreEmphasizer.h; sourceTree = "<group>"; };
		CD7626AA1AA66A04001E0A9E /* PreEmphasizer.m */ = {isa = PBXFileReference; fileEncoding = 4; lastKnownFileType = sourcecode.c.objc; path = PreEmphasizer.m; sourceTree = "<group>"; };
		CD7626AC1AA66AA4001E0A9E /* BufferTests.m */ = {isa = PBXFileReference; fileEncoding = 4; lastKnownFileType = sourcecode.c.objc; path = BufferTests.m; sourceTree = "<group>"; };
		CD7626B31AA6A770001E0A9E /* FrameData.h */ = {isa = PBXFileReference; fileEncoding = 4; lastKnownFileType = sourcecode.c.h; path = FrameData.h; sourceTree = "<group>"; };
		CD7626B41AA6A770001E0A9E /* FrameData.m */ = {isa = PBXFileReference; fileEncoding = 4; lastKnownFileType = sourcecode.c.objc; path = FrameData.m; sourceTree = "<group>"; };
		CD7626B61AA6A7B5001E0A9E /* FrameDataTests.m */ = {isa = PBXFileReference; fileEncoding = 4; lastKnownFileType = sourcecode.c.objc; path = FrameDataTests.m; sourceTree = "<group>"; };
		CD7626B81AA6FB7B001E0A9E /* UserSettings.h */ = {isa = PBXFileReference; fileEncoding = 4; lastKnownFileType = sourcecode.c.h; path = UserSettings.h; sourceTree = "<group>"; };
		CD7626B91AA6FB7B001E0A9E /* UserSettings.m */ = {isa = PBXFileReference; fileEncoding = 4; lastKnownFileType = sourcecode.c.objc; path = UserSettings.m; sourceTree = "<group>"; };
		CD7626BB1AA6FF44001E0A9E /* Segmenter.h */ = {isa = PBXFileReference; fileEncoding = 4; lastKnownFileType = sourcecode.c.h; path = Segmenter.h; sourceTree = "<group>"; };
		CD7626BC1AA6FF44001E0A9E /* Segmenter.m */ = {isa = PBXFileReference; fileEncoding = 4; lastKnownFileType = sourcecode.c.objc; path = Segmenter.m; sourceTree = "<group>"; };
		CD7626BE1AA7052E001E0A9E /* SegmenterTests.m */ = {isa = PBXFileReference; fileEncoding = 4; lastKnownFileType = sourcecode.c.objc; path = SegmenterTests.m; sourceTree = "<group>"; };
		CD7626C01AA85FB0001E0A9E /* RMSNormalizer.h */ = {isa = PBXFileReference; fileEncoding = 4; lastKnownFileType = sourcecode.c.h; path = RMSNormalizer.h; sourceTree = "<group>"; };
		CD7626C11AA85FB0001E0A9E /* RMSNormalizer.m */ = {isa = PBXFileReference; fileEncoding = 4; lastKnownFileType = sourcecode.c.objc; path = RMSNormalizer.m; sourceTree = "<group>"; };
		CD7626C31AA860F0001E0A9E /* RMSNormalizerTests.m */ = {isa = PBXFileReference; fileEncoding = 4; lastKnownFileType = sourcecode.c.objc; path = RMSNormalizerTests.m; sourceTree = "<group>"; };
		CD7626C51AA90D9E001E0A9E /* Processor.h */ = {isa = PBXFileReference; fileEncoding = 4; lastKnownFileType = sourcecode.c.h; path = Processor.h; sourceTree = "<group>"; };
		CD7626C61AA90D9E001E0A9E /* Processor.m */ = {isa = PBXFileReference; fileEncoding = 4; lastKnownFileType = sourcecode.c.objc; path = Processor.m; sourceTree = "<group>"; };
		CD7626C81AAA22D5001E0A9E /* SamplerDelegate.h */ = {isa = PBXFileReference; lastKnownFileType = sourcecode.c.h; path = SamplerDelegate.h; sourceTree = "<group>"; };
		CD7731161A9AEB04006155F0 /* BitPackerTests.m */ = {isa = PBXFileReference; fileEncoding = 4; lastKnownFileType = sourcecode.c.objc; path = BitPackerTests.m; sourceTree = "<group>"; };
		CD7731181A9AEB53006155F0 /* FrameDataBinaryEncoderTests.m */ = {isa = PBXFileReference; fileEncoding = 4; lastKnownFileType = sourcecode.c.objc; path = FrameDataBinaryEncoderTests.m; sourceTree = "<group>"; };
		CD773DDE1AA3CBAD004091CC /* AudioHelpers.h */ = {isa = PBXFileReference; lastKnownFileType = sourcecode.c.h; path = AudioHelpers.h; sourceTree = "<group>"; };
		CD773DDF1AA3DFCC004091CC /* Output.h */ = {isa = PBXFileReference; fileEncoding = 4; lastKnownFileType = sourcecode.c.h; path = Output.h; sourceTree = "<group>"; };
		CD773DE01AA3DFCC004091CC /* Output.m */ = {isa = PBXFileReference; fileEncoding = 4; lastKnownFileType = sourcecode.c.objc; path = Output.m; sourceTree = "<group>"; };
		CD79FA9C1A9B11EE008DE994 /* HexConverter.h */ = {isa = PBXFileReference; fileEncoding = 4; lastKnownFileType = sourcecode.c.h; path = HexConverter.h; sourceTree = "<group>"; };
		CD79FA9D1A9B11EE008DE994 /* HexConverter.m */ = {isa = PBXFileReference; fileEncoding = 4; lastKnownFileType = sourcecode.c.objc; path = HexConverter.m; sourceTree = "<group>"; };
		CD79FA9F1A9B1205008DE994 /* HexConverterTests.m */ = {isa = PBXFileReference; fileEncoding = 4; lastKnownFileType = sourcecode.c.objc; path = HexConverterTests.m; sourceTree = "<group>"; };
		CD79FAA11A9B1B47008DE994 /* NibbleBitReverser.h */ = {isa = PBXFileReference; fileEncoding = 4; lastKnownFileType = sourcecode.c.h; path = NibbleBitReverser.h; sourceTree = "<group>"; };
		CD79FAA21A9B1B47008DE994 /* NibbleBitReverser.m */ = {isa = PBXFileReference; fileEncoding = 4; lastKnownFileType = sourcecode.c.objc; path = NibbleBitReverser.m; sourceTree = "<group>"; };
		CD79FAA41A9B1B5D008DE994 /* NibbleBitReverserTests.m */ = {isa = PBXFileReference; fileEncoding = 4; lastKnownFileType = sourcecode.c.objc; path = NibbleBitReverserTests.m; sourceTree = "<group>"; };
		CD79FAA81A9B1F65008DE994 /* BitHelpers.h */ = {isa = PBXFileReference; fileEncoding = 4; lastKnownFileType = sourcecode.c.h; path = BitHelpers.h; sourceTree = "<group>"; };
		CD79FAA91A9B1F65008DE994 /* BitHelpers.m */ = {isa = PBXFileReference; fileEncoding = 4; lastKnownFileType = sourcecode.c.objc; path = BitHelpers.m; sourceTree = "<group>"; };
		CD79FAAB1A9BD62C008DE994 /* NibbleSwitcher.h */ = {isa = PBXFileReference; fileEncoding = 4; lastKnownFileType = sourcecode.c.h; path = NibbleSwitcher.h; sourceTree = "<group>"; };
		CD79FAAC1A9BD62C008DE994 /* NibbleSwitcher.m */ = {isa = PBXFileReference; fileEncoding = 4; lastKnownFileType = sourcecode.c.objc; path = NibbleSwitcher.m; sourceTree = "<group>"; };
		CD79FAAE1A9BD643008DE994 /* NibbleSwitcherTests.m */ = {isa = PBXFileReference; fileEncoding = 4; lastKnownFileType = sourcecode.c.objc; path = NibbleSwitcherTests.m; sourceTree = "<group>"; };
		CD79FAB01A9C5677008DE994 /* HexByteBinaryEncoder.h */ = {isa = PBXFileReference; fileEncoding = 4; lastKnownFileType = sourcecode.c.h; path = HexByteBinaryEncoder.h; sourceTree = "<group>"; };
		CD79FAB11A9C5677008DE994 /* HexByteBinaryEncoder.m */ = {isa = PBXFileReference; fileEncoding = 4; lastKnownFileType = sourcecode.c.objc; path = HexByteBinaryEncoder.m; sourceTree = "<group>"; };
		CD79FAB31A9C56E1008DE994 /* HexByteBinaryEncoderTests.m */ = {isa = PBXFileReference; fileEncoding = 4; lastKnownFileType = sourcecode.c.objc; path = HexByteBinaryEncoderTests.m; sourceTree = "<group>"; };
		CD79FAB71A9D2A0A008DE994 /* tms5110r.inc */ = {isa = PBXFileReference; fileEncoding = 4; lastKnownFileType = sourcecode.pascal; path = tms5110r.inc; sourceTree = "<group>"; };
		CD79FAB81A9D2A0A008DE994 /* tms5220.cpp */ = {isa = PBXFileReference; fileEncoding = 4; lastKnownFileType = sourcecode.cpp.cpp; path = tms5220.cpp; sourceTree = "<group>"; };
		CD79FAB91A9D2A0A008DE994 /* tms5220.h */ = {isa = PBXFileReference; fileEncoding = 4; lastKnownFileType = sourcecode.c.h; path = tms5220.h; sourceTree = "<group>"; };
		CD79FABA1A9D2A0A008DE994 /* tms5220.txt */ = {isa = PBXFileReference; fileEncoding = 4; lastKnownFileType = text; path = tms5220.txt; sourceTree = "<group>"; };
		CD79FABE1A9D2A1C008DE994 /* SpeechDataReader.h */ = {isa = PBXFileReference; fileEncoding = 4; lastKnownFileType = sourcecode.c.h; path = SpeechDataReader.h; sourceTree = "<group>"; };
		CD79FABF1A9D2A1C008DE994 /* SpeechDataReader.m */ = {isa = PBXFileReference; fileEncoding = 4; lastKnownFileType = sourcecode.c.objc; path = SpeechDataReader.m; sourceTree = "<group>"; };
		CD79FAC01A9D2A1C008DE994 /* SpeechSynthesizer.h */ = {isa = PBXFileReference; fileEncoding = 4; lastKnownFileType = sourcecode.c.h; path = SpeechSynthesizer.h; sourceTree = "<group>"; };
		CD79FAC11A9D2A1C008DE994 /* SpeechSynthesizer.mm */ = {isa = PBXFileReference; fileEncoding = 4; lastKnownFileType = sourcecode.cpp.objcpp; path = SpeechSynthesizer.mm; sourceTree = "<group>"; };
		CD95A58F1AAAFBE00044EDAA /* PlayheadView.h */ = {isa = PBXFileReference; fileEncoding = 4; lastKnownFileType = sourcecode.c.h; path = PlayheadView.h; sourceTree = "<group>"; };
		CD95A5901AAAFBE00044EDAA /* PlayheadView.m */ = {isa = PBXFileReference; fileEncoding = 4; lastKnownFileType = sourcecode.c.objc; path = PlayheadView.m; sourceTree = "<group>"; };
		CD99A7AC1AA155FD003BC67E /* Sampler.h */ = {isa = PBXFileReference; fileEncoding = 4; lastKnownFileType = sourcecode.c.h; path = Sampler.h; sourceTree = "<group>"; };
		CD99A7AD1AA155FD003BC67E /* Sampler.m */ = {isa = PBXFileReference; fileEncoding = 4; lastKnownFileType = sourcecode.c.objc; path = Sampler.m; sourceTree = "<group>"; };
		CDA1F7311A9AF2120011B4B5 /* BitPacker.h */ = {isa = PBXFileReference; fileEncoding = 4; lastKnownFileType = sourcecode.c.h; path = BitPacker.h; sourceTree = "<group>"; };
		CDA1F7321A9AF2120011B4B5 /* BitPacker.m */ = {isa = PBXFileReference; fileEncoding = 4; lastKnownFileType = sourcecode.c.objc; path = BitPacker.m; sourceTree = "<group>"; };
		CDA1F7331A9AF2120011B4B5 /* FrameDataBinaryEncoder.h */ = {isa = PBXFileReference; fileEncoding = 4; lastKnownFileType = sourcecode.c.h; path = FrameDataBinaryEncoder.h; sourceTree = "<group>"; };
		CDA1F7341A9AF2120011B4B5 /* FrameDataBinaryEncoder.m */ = {isa = PBXFileReference; fileEncoding = 4; lastKnownFileType = sourcecode.c.objc; path = FrameDataBinaryEncoder.m; sourceTree = "<group>"; };
		CDA1F7391A9AF3680011B4B5 /* CodingTable.h */ = {isa = PBXFileReference; fileEncoding = 4; lastKnownFileType = sourcecode.c.h; path = CodingTable.h; sourceTree = "<group>"; };
		CDA1F73A1A9AF3680011B4B5 /* CodingTable.m */ = {isa = PBXFileReference; fileEncoding = 4; lastKnownFileType = sourcecode.c.objc; path = CodingTable.m; sourceTree = "<group>"; };
		CDBF22D41A99C917001E25AB /* BlueWizard.app */ = {isa = PBXFileReference; explicitFileType = wrapper.application; includeInIndex = 0; path = BlueWizard.app; sourceTree = BUILT_PRODUCTS_DIR; };
		CDBF22D81A99C917001E25AB /* Info.plist */ = {isa = PBXFileReference; lastKnownFileType = text.plist.xml; path = Info.plist; sourceTree = "<group>"; };
		CDBF22D91A99C917001E25AB /* AppDelegate.h */ = {isa = PBXFileReference; lastKnownFileType = sourcecode.c.h; path = AppDelegate.h; sourceTree = "<group>"; };
		CDBF22DA1A99C917001E25AB /* AppDelegate.m */ = {isa = PBXFileReference; lastKnownFileType = sourcecode.c.objc; path = AppDelegate.m; sourceTree = "<group>"; };
		CDBF22DC1A99C917001E25AB /* main.m */ = {isa = PBXFileReference; lastKnownFileType = sourcecode.c.objc; path = main.m; sourceTree = "<group>"; };
		CDBF22DE1A99C917001E25AB /* ViewController.h */ = {isa = PBXFileReference; lastKnownFileType = sourcecode.c.h; path = ViewController.h; sourceTree = "<group>"; };
		CDBF22DF1A99C917001E25AB /* ViewController.m */ = {isa = PBXFileReference; lastKnownFileType = sourcecode.c.objc; path = ViewController.m; sourceTree = "<group>"; };
		CDBF22E41A99C917001E25AB /* Base */ = {isa = PBXFileReference; lastKnownFileType = file.storyboard; name = Base; path = Base.lproj/Main.storyboard; sourceTree = "<group>"; };
		CDBF22EA1A99C917001E25AB /* BlueWizardTests.xctest */ = {isa = PBXFileReference; explicitFileType = wrapper.cfbundle; includeInIndex = 0; path = BlueWizardTests.xctest; sourceTree = BUILT_PRODUCTS_DIR; };
		CDBF22EF1A99C917001E25AB /* Info.plist */ = {isa = PBXFileReference; lastKnownFileType = text.plist.xml; path = Info.plist; sourceTree = "<group>"; };
		CDC5A1EF1E88E207000BFC66 /* HexFormatter.h */ = {isa = PBXFileReference; fileEncoding = 4; lastKnownFileType = sourcecode.c.h; path = HexFormatter.h; sourceTree = "<group>"; };
		CDC5A1F01E88E207000BFC66 /* HexFormatter.m */ = {isa = PBXFileReference; fileEncoding = 4; lastKnownFileType = sourcecode.c.objc; path = HexFormatter.m; sourceTree = "<group>"; };
		CDFBCEC21AD0C85800E9A893 /* TimeMachine.h */ = {isa = PBXFileReference; fileEncoding = 4; lastKnownFileType = sourcecode.c.h; path = TimeMachine.h; sourceTree = "<group>"; };
		CDFBCEC31AD0C85800E9A893 /* TimeMachine.m */ = {isa = PBXFileReference; fileEncoding = 4; lastKnownFileType = sourcecode.c.objc; path = TimeMachine.m; sourceTree = "<group>"; };
/* End PBXFileReference section */

/* Begin PBXFrameworksBuildPhase section */
		CDBF22D11A99C916001E25AB /* Frameworks */ = {
			isa = PBXFrameworksBuildPhase;
			buildActionMask = 2147483647;
			files = (
				CD563B5E1AA16872001880B6 /* AudioToolbox.framework in Frameworks */,
				CD563B5F1AA16872001880B6 /* AudioUnit.framework in Frameworks */,
				CD563B601AA16872001880B6 /* CoreAudio.framework in Frameworks */,
			);
			runOnlyForDeploymentPostprocessing = 0;
		};
		CDBF22E71A99C917001E25AB /* Frameworks */ = {
			isa = PBXFrameworksBuildPhase;
			buildActionMask = 2147483647;
			files = (
				862E7D6824C15959F0D03E52 /* libPods-BlueWizardTests.a in Frameworks */,
			);
			runOnlyForDeploymentPostprocessing = 0;
		};
/* End PBXFrameworksBuildPhase section */

/* Begin PBXGroup section */
		0DDCAB20D95F5504A7E934D8 /* Pods */ = {
			isa = PBXGroup;
			children = (
				081AC1A4326C7E60C28C4025 /* Pods-BlueWizardTests.debug.xcconfig */,
				4D0C831C58081BACD3B2165D /* Pods-BlueWizardTests.release.xcconfig */,
			);
			name = Pods;
			sourceTree = "<group>";
		};
		724DCD8E9C86FB5BBAEF60CD /* Frameworks */ = {
			isa = PBXGroup;
			children = (
				CD563B5B1AA16872001880B6 /* AudioToolbox.framework */,
				CD563B5C1AA16872001880B6 /* AudioUnit.framework */,
				CD563B5D1AA16872001880B6 /* CoreAudio.framework */,
				CDDF61F51A9B0B0F00AE78F6 /* Local Podspecs */,
				012428FA7BFBBFF7EE125E77 /* libPods-BlueWizardTests.a */,
			);
			name = Frameworks;
			sourceTree = "<group>";
		};
		CD7626C91AAA2310001E0A9E /* Protocols */ = {
			isa = PBXGroup;
			children = (
				CD7626C81AAA22D5001E0A9E /* SamplerDelegate.h */,
			);
			name = Protocols;
			sourceTree = "<group>";
		};
		CD79FAB51A9D2A0A008DE994 /* lib */ = {
			isa = PBXGroup;
			children = (
				CD79FAB61A9D2A0A008DE994 /* TMS5220 */,
			);
			path = lib;
			sourceTree = "<group>";
		};
		CD79FAB61A9D2A0A008DE994 /* TMS5220 */ = {
			isa = PBXGroup;
			children = (
				CD79FAB71A9D2A0A008DE994 /* tms5110r.inc */,
				CD79FAB81A9D2A0A008DE994 /* tms5220.cpp */,
				CD79FAB91A9D2A0A008DE994 /* tms5220.h */,
				CD79FABA1A9D2A0A008DE994 /* tms5220.txt */,
			);
			path = TMS5220;
			sourceTree = "<group>";
		};
		CDA1F7371A9AF2170011B4B5 /* Classes */ = {
			isa = PBXGroup;
			children = (
				CD773DDE1AA3CBAD004091CC /* AudioHelpers.h */,
				CD7626A01AA51275001E0A9E /* Autocorrelator.h */,
				CD7626A11AA51275001E0A9E /* Autocorrelator.m */,
				CDA1F7381A9AF21E0011B4B5 /* BitPacker */,
				CD7626A61AA5A6CD001E0A9E /* Buffer.h */,
				CD7626A71AA5A6CD001E0A9E /* Buffer.m */,
				CD76269B1AA454E8001E0A9E /* ClosestValueFinder.h */,
				CD76269C1AA454E8001E0A9E /* ClosestValueFinder.m */,
				CDA1F7391A9AF3680011B4B5 /* CodingTable.h */,
				CDA1F73A1A9AF3680011B4B5 /* CodingTable.m */,
				CD7626B31AA6A770001E0A9E /* FrameData.h */,
				CD7626B41AA6A770001E0A9E /* FrameData.m */,
				CD7626981AA43ABB001E0A9E /* HammingWindow.h */,
				CD7626991AA43ABB001E0A9E /* HammingWindow.m */,
				CD563B631AA2A1DF001880B6 /* Input.h */,
				CD563B641AA2A1DF001880B6 /* Input.m */,
				CD1680611AC77F7E009920C3 /* Filterer.h */,
				CD1680621AC77F7E009920C3 /* Filterer.m */,
				CD4AC00F1AB1621400E57489 /* NotificationNames.h */,
				CD773DDF1AA3DFCC004091CC /* Output.h */,
				CD773DE01AA3DFCC004091CC /* Output.m */,
				CD3B09121AAE416F00D54399 /* PitchEstimator.h */,
				CD3B09131AAE416F00D54399 /* PitchEstimator.m */,
				CD95A58F1AAAFBE00044EDAA /* PlayheadView.h */,
				CD95A5901AAAFBE00044EDAA /* PlayheadView.m */,
				CD7626A91AA66A04001E0A9E /* PreEmphasizer.h */,
				CD7626AA1AA66A04001E0A9E /* PreEmphasizer.m */,
				CD7626C51AA90D9E001E0A9E /* Processor.h */,
				CD7626C61AA90D9E001E0A9E /* Processor.m */,
				CD7626C91AAA2310001E0A9E /* Protocols */,
				CD7626A31AA51593001E0A9E /* Reflector.h */,
				CD7626A41AA51593001E0A9E /* Reflector.m */,
				CD7626C01AA85FB0001E0A9E /* RMSNormalizer.h */,
				CD7626C11AA85FB0001E0A9E /* RMSNormalizer.m */,
				CD99A7AC1AA155FD003BC67E /* Sampler.h */,
				CD99A7AD1AA155FD003BC67E /* Sampler.m */,
				CD7626BB1AA6FF44001E0A9E /* Segmenter.h */,
				CD7626BC1AA6FF44001E0A9E /* Segmenter.m */,
				CD79FABE1A9D2A1C008DE994 /* SpeechDataReader.h */,
				CD79FABF1A9D2A1C008DE994 /* SpeechDataReader.m */,
				CD79FAC01A9D2A1C008DE994 /* SpeechSynthesizer.h */,
				CD79FAC11A9D2A1C008DE994 /* SpeechSynthesizer.mm */,
				CD7626B81AA6FB7B001E0A9E /* UserSettings.h */,
				CD7626B91AA6FB7B001E0A9E /* UserSettings.m */,
				CD6A67381AAA88C300515777 /* WaveformView.h */,
				CD6A67391AAA88C300515777 /* WaveformView.m */,
				CDFBCEC21AD0C85800E9A893 /* TimeMachine.h */,
				CDFBCEC31AD0C85800E9A893 /* TimeMachine.m */,
			);
			name = Classes;
			sourceTree = "<group>";
		};
		CDA1F7381A9AF21E0011B4B5 /* BitPacker */ = {
			isa = PBXGroup;
			children = (
				CD79FAA81A9B1F65008DE994 /* BitHelpers.h */,
				CD79FAA91A9B1F65008DE994 /* BitHelpers.m */,
				CDA1F7311A9AF2120011B4B5 /* BitPacker.h */,
				CDA1F7321A9AF2120011B4B5 /* BitPacker.m */,
				CDA1F7331A9AF2120011B4B5 /* FrameDataBinaryEncoder.h */,
				CDA1F7341A9AF2120011B4B5 /* FrameDataBinaryEncoder.m */,
				CD79FAB01A9C5677008DE994 /* HexByteBinaryEncoder.h */,
				CD79FAB11A9C5677008DE994 /* HexByteBinaryEncoder.m */,
				CD79FA9C1A9B11EE008DE994 /* HexConverter.h */,
				CD79FA9D1A9B11EE008DE994 /* HexConverter.m */,
				CD79FAA11A9B1B47008DE994 /* NibbleBitReverser.h */,
				CD79FAA21A9B1B47008DE994 /* NibbleBitReverser.m */,
				CD79FAAB1A9BD62C008DE994 /* NibbleSwitcher.h */,
				CD79FAAC1A9BD62C008DE994 /* NibbleSwitcher.m */,
				CDC5A1EF1E88E207000BFC66 /* HexFormatter.h */,
				CDC5A1F01E88E207000BFC66 /* HexFormatter.m */,
			);
			name = BitPacker;
			sourceTree = "<group>";
		};
		CDBF22CB1A99C916001E25AB = {
			isa = PBXGroup;
			children = (
				CDBF22D61A99C917001E25AB /* BlueWizard */,
				CDBF22ED1A99C917001E25AB /* BlueWizardTests */,
				CDBF22D51A99C917001E25AB /* Products */,
				724DCD8E9C86FB5BBAEF60CD /* Frameworks */,
				0DDCAB20D95F5504A7E934D8 /* Pods */,
			);
			sourceTree = "<group>";
		};
		CDBF22D51A99C917001E25AB /* Products */ = {
			isa = PBXGroup;
			children = (
				CDBF22D41A99C917001E25AB /* BlueWizard.app */,
				CDBF22EA1A99C917001E25AB /* BlueWizardTests.xctest */,
			);
			name = Products;
			sourceTree = "<group>";
		};
		CDBF22D61A99C917001E25AB /* BlueWizard */ = {
			isa = PBXGroup;
			children = (
				CDBF22D91A99C917001E25AB /* AppDelegate.h */,
				CDBF22DA1A99C917001E25AB /* AppDelegate.m */,
				CDA1F7371A9AF2170011B4B5 /* Classes */,
				CD4663041BA52750009835D1 /* LargeWaveformViewController.h */,
				CD4663051BA52750009835D1 /* LargeWaveformViewController.m */,
				CD79FAB51A9D2A0A008DE994 /* lib */,
				CDBF22E31A99C917001E25AB /* Main.storyboard */,
				CD7626961AA43673001E0A9E /* Media.xcassets */,
				CDBF22D71A99C917001E25AB /* Supporting Files */,
				CDBF22DE1A99C917001E25AB /* ViewController.h */,
				CDBF22DF1A99C917001E25AB /* ViewController.m */,
				CD2570911E230A2900637C34 /* Credits.rtf */,
			);
			path = BlueWizard;
			sourceTree = "<group>";
		};
		CDBF22D71A99C917001E25AB /* Supporting Files */ = {
			isa = PBXGroup;
			children = (
				CDBF22D81A99C917001E25AB /* Info.plist */,
				CDBF22DC1A99C917001E25AB /* main.m */,
			);
			name = "Supporting Files";
			sourceTree = "<group>";
		};
		CDBF22ED1A99C917001E25AB /* BlueWizardTests */ = {
			isa = PBXGroup;
			children = (
				CD4C2D901E9171860028727C /* ReflectorTests.m */,
				CD7731161A9AEB04006155F0 /* BitPackerTests.m */,
				CD7626AC1AA66AA4001E0A9E /* BufferTests.m */,
				CD76269E1AA45500001E0A9E /* ClosestValueFinderTests.m */,
				CD7731181A9AEB53006155F0 /* FrameDataBinaryEncoderTests.m */,
				CD7626B61AA6A7B5001E0A9E /* FrameDataTests.m */,
				CD79FAB31A9C56E1008DE994 /* HexByteBinaryEncoderTests.m */,
				CD79FA9F1A9B1205008DE994 /* HexConverterTests.m */,
				CD79FAA41A9B1B5D008DE994 /* NibbleBitReverserTests.m */,
				CD79FAAE1A9BD643008DE994 /* NibbleSwitcherTests.m */,
				CD7626C31AA860F0001E0A9E /* RMSNormalizerTests.m */,
				CD7626BE1AA7052E001E0A9E /* SegmenterTests.m */,
				CDBF22EE1A99C917001E25AB /* Supporting Files */,
			);
			path = BlueWizardTests;
			sourceTree = "<group>";
		};
		CDBF22EE1A99C917001E25AB /* Supporting Files */ = {
			isa = PBXGroup;
			children = (
				CDBF22EF1A99C917001E25AB /* Info.plist */,
			);
			name = "Supporting Files";
			sourceTree = "<group>";
		};
		CDDF61F51A9B0B0F00AE78F6 /* Local Podspecs */ = {
			isa = PBXGroup;
			children = (
			);
			name = "Local Podspecs";
			path = "Pods/Local Podspecs";
			sourceTree = "<group>";
		};
/* End PBXGroup section */

/* Begin PBXNativeTarget section */
		CDBF22D31A99C916001E25AB /* BlueWizard */ = {
			isa = PBXNativeTarget;
			buildConfigurationList = CDBF22F41A99C917001E25AB /* Build configuration list for PBXNativeTarget "BlueWizard" */;
			buildPhases = (
				CDBF22D01A99C916001E25AB /* Sources */,
				CDBF22D11A99C916001E25AB /* Frameworks */,
				CDBF22D21A99C916001E25AB /* Resources */,
			);
			buildRules = (
			);
			dependencies = (
			);
			name = BlueWizard;
			productName = BlueWizard;
			productReference = CDBF22D41A99C917001E25AB /* BlueWizard.app */;
			productType = "com.apple.product-type.application";
		};
		CDBF22E91A99C917001E25AB /* BlueWizardTests */ = {
			isa = PBXNativeTarget;
			buildConfigurationList = CDBF22F71A99C917001E25AB /* Build configuration list for PBXNativeTarget "BlueWizardTests" */;
			buildPhases = (
				E6C6084F029E1E24E2C7B8E0 /* Check Pods Manifest.lock */,
				CDBF22E61A99C917001E25AB /* Sources */,
				CDBF22E71A99C917001E25AB /* Frameworks */,
				CDBF22E81A99C917001E25AB /* Resources */,
				3F78A7D1D2B765FB6243E609 /* Copy Pods Resources */,
			);
			buildRules = (
			);
			dependencies = (
				CDBF22EC1A99C917001E25AB /* PBXTargetDependency */,
			);
			name = BlueWizardTests;
			productName = BlueWizardTests;
			productReference = CDBF22EA1A99C917001E25AB /* BlueWizardTests.xctest */;
			productType = "com.apple.product-type.bundle.unit-test";
		};
/* End PBXNativeTarget section */

/* Begin PBXProject section */
		CDBF22CC1A99C916001E25AB /* Project object */ = {
			isa = PBXProject;
			attributes = {
				LastUpgradeCheck = 0610;
				ORGANIZATIONNAME = "Patrick Collins";
				TargetAttributes = {
					CDBF22D31A99C916001E25AB = {
						CreatedOnToolsVersion = 6.1.1;
					};
					CDBF22E91A99C917001E25AB = {
						CreatedOnToolsVersion = 6.1.1;
						TestTargetID = CDBF22D31A99C916001E25AB;
					};
				};
			};
			buildConfigurationList = CDBF22CF1A99C916001E25AB /* Build configuration list for PBXProject "BlueWizard" */;
			compatibilityVersion = "Xcode 3.2";
			developmentRegion = English;
			hasScannedForEncodings = 0;
			knownRegions = (
				en,
				Base,
			);
			mainGroup = CDBF22CB1A99C916001E25AB;
			productRefGroup = CDBF22D51A99C917001E25AB /* Products */;
			projectDirPath = "";
			projectRoot = "";
			targets = (
				CDBF22D31A99C916001E25AB /* BlueWizard */,
				CDBF22E91A99C917001E25AB /* BlueWizardTests */,
			);
		};
/* End PBXProject section */

/* Begin PBXResourcesBuildPhase section */
		CDBF22D21A99C916001E25AB /* Resources */ = {
			isa = PBXResourcesBuildPhase;
			buildActionMask = 2147483647;
			files = (
				CDBF22E51A99C917001E25AB /* Main.storyboard in Resources */,
				CD7626971AA43673001E0A9E /* Media.xcassets in Resources */,
				CD79FABD1A9D2A0A008DE994 /* tms5220.txt in Resources */,
				CD2570921E230A2900637C34 /* Credits.rtf in Resources */,
			);
			runOnlyForDeploymentPostprocessing = 0;
		};
		CDBF22E81A99C917001E25AB /* Resources */ = {
			isa = PBXResourcesBuildPhase;
			buildActionMask = 2147483647;
			files = (
			);
			runOnlyForDeploymentPostprocessing = 0;
		};
/* End PBXResourcesBuildPhase section */

/* Begin PBXShellScriptBuildPhase section */
		3F78A7D1D2B765FB6243E609 /* Copy Pods Resources */ = {
			isa = PBXShellScriptBuildPhase;
			buildActionMask = 2147483647;
			files = (
			);
			inputPaths = (
			);
			name = "Copy Pods Resources";
			outputPaths = (
			);
			runOnlyForDeploymentPostprocessing = 0;
			shellPath = /bin/sh;
			shellScript = "\"${SRCROOT}/Pods/Target Support Files/Pods-BlueWizardTests/Pods-BlueWizardTests-resources.sh\"\n";
			showEnvVarsInLog = 0;
		};
		E6C6084F029E1E24E2C7B8E0 /* Check Pods Manifest.lock */ = {
			isa = PBXShellScriptBuildPhase;
			buildActionMask = 2147483647;
			files = (
			);
			inputPaths = (
			);
			name = "Check Pods Manifest.lock";
			outputPaths = (
			);
			runOnlyForDeploymentPostprocessing = 0;
			shellPath = /bin/sh;
			shellScript = "diff \"${PODS_ROOT}/../Podfile.lock\" \"${PODS_ROOT}/Manifest.lock\" > /dev/null\nif [[ $? != 0 ]] ; then\n    cat << EOM\nerror: The sandbox is not in sync with the Podfile.lock. Run 'pod install' or update your CocoaPods installation.\nEOM\n    exit 1\nfi\n";
			showEnvVarsInLog = 0;
		};
/* End PBXShellScriptBuildPhase section */

/* Begin PBXSourcesBuildPhase section */
		CDBF22D01A99C916001E25AB /* Sources */ = {
			isa = PBXSourcesBuildPhase;
			buildActionMask = 2147483647;
			files = (
				CDBA9F7C1BA086A50025D497 /* tms5220.cpp in Sources */,
				CD79FAAD1A9BD62C008DE994 /* NibbleSwitcher.m in Sources */,
				CD76269D1AA454E8001E0A9E /* ClosestValueFinder.m in Sources */,
				CDC5A1F11E88E207000BFC66 /* HexFormatter.m in Sources */,
				CDA1F7361A9AF2120011B4B5 /* FrameDataBinaryEncoder.m in Sources */,
				CDBF22E01A99C917001E25AB /* ViewController.m in Sources */,
				CD76269A1AA43ABB001E0A9E /* HammingWindow.m in Sources */,
				CD7626A21AA51275001E0A9E /* Autocorrelator.m in Sources */,
				CD99A7AE1AA155FD003BC67E /* Sampler.m in Sources */,
				CD1680651AC77F7E009920C3 /* Filterer.m in Sources */,
				CD4663061BA52750009835D1 /* LargeWaveformViewController.m in Sources */,
				CD7626C21AA85FB0001E0A9E /* RMSNormalizer.m in Sources */,
				CD79FAB21A9C5677008DE994 /* HexByteBinaryEncoder.m in Sources */,
				CD563B651AA2A1DF001880B6 /* Input.m in Sources */,
				CD7626AB1AA66A04001E0A9E /* PreEmphasizer.m in Sources */,
				CD79FAA31A9B1B47008DE994 /* NibbleBitReverser.m in Sources */,
				CD7626BD1AA6FF44001E0A9E /* Segmenter.m in Sources */,
				CD6A673A1AAA88C300515777 /* WaveformView.m in Sources */,
				CDBF22DD1A99C917001E25AB /* main.m in Sources */,
				CD79FAAA1A9B1F65008DE994 /* BitHelpers.m in Sources */,
				CD79FAC21A9D2A1C008DE994 /* SpeechDataReader.m in Sources */,
				CD7626C71AA90D9E001E0A9E /* Processor.m in Sources */,
				CDBF22DB1A99C917001E25AB /* AppDelegate.m in Sources */,
				CD7626A51AA51593001E0A9E /* Reflector.m in Sources */,
				CD95A5911AAAFBE00044EDAA /* PlayheadView.m in Sources */,
				CD79FAC31A9D2A1C008DE994 /* SpeechSynthesizer.mm in Sources */,
				CD7626BA1AA6FB7B001E0A9E /* UserSettings.m in Sources */,
				CD7626B51AA6A770001E0A9E /* FrameData.m in Sources */,
				CD773DE11AA3DFCC004091CC /* Output.m in Sources */,
				CD3B09141AAE416F00D54399 /* PitchEstimator.m in Sources */,
				CDA1F73B1A9AF3680011B4B5 /* CodingTable.m in Sources */,
				CDA1F7351A9AF2120011B4B5 /* BitPacker.m in Sources */,
				CD79FA9E1A9B11EE008DE994 /* HexConverter.m in Sources */,
				CDFBCEC41AD0C85800E9A893 /* TimeMachine.m in Sources */,
				CD7626A81AA5A6CD001E0A9E /* Buffer.m in Sources */,
			);
			runOnlyForDeploymentPostprocessing = 0;
		};
		CDBF22E61A99C917001E25AB /* Sources */ = {
			isa = PBXSourcesBuildPhase;
			buildActionMask = 2147483647;
			files = (
				CD7626C41AA860F0001E0A9E /* RMSNormalizerTests.m in Sources */,
				CD7731191A9AEB53006155F0 /* FrameDataBinaryEncoderTests.m in Sources */,
				CD79FAA51A9B1B5D008DE994 /* NibbleBitReverserTests.m in Sources */,
				CD79FAA01A9B1205008DE994 /* HexConverterTests.m in Sources */,
				CD79FAAF1A9BD643008DE994 /* NibbleSwitcherTests.m in Sources */,
				CD7731171A9AEB04006155F0 /* BitPackerTests.m in Sources */,
				CD7626AD1AA66AA4001E0A9E /* BufferTests.m in Sources */,
				CD79FAB41A9C56E1008DE994 /* HexByteBinaryEncoderTests.m in Sources */,
				CD4C2D911E9171860028727C /* ReflectorTests.m in Sources */,
				CD7626B71AA6A7B5001E0A9E /* FrameDataTests.m in Sources */,
				CD7626BF1AA7052E001E0A9E /* SegmenterTests.m in Sources */,
				CD76269F1AA45500001E0A9E /* ClosestValueFinderTests.m in Sources */,
			);
			runOnlyForDeploymentPostprocessing = 0;
		};
/* End PBXSourcesBuildPhase section */

/* Begin PBXTargetDependency section */
		CDBF22EC1A99C917001E25AB /* PBXTargetDependency */ = {
			isa = PBXTargetDependency;
			target = CDBF22D31A99C916001E25AB /* BlueWizard */;
			targetProxy = CDBF22EB1A99C917001E25AB /* PBXContainerItemProxy */;
		};
/* End PBXTargetDependency section */

/* Begin PBXVariantGroup section */
		CDBF22E31A99C917001E25AB /* Main.storyboard */ = {
			isa = PBXVariantGroup;
			children = (
				CDBF22E41A99C917001E25AB /* Base */,
			);
			name = Main.storyboard;
			sourceTree = "<group>";
		};
/* End PBXVariantGroup section */

/* Begin XCBuildConfiguration section */
		CDBF22F21A99C917001E25AB /* Debug */ = {
			isa = XCBuildConfiguration;
			buildSettings = {
				ALWAYS_SEARCH_USER_PATHS = NO;
				CLANG_CXX_LANGUAGE_STANDARD = "gnu++0x";
				CLANG_CXX_LIBRARY = "libc++";
				CLANG_ENABLE_MODULES = YES;
				CLANG_ENABLE_OBJC_ARC = YES;
				CLANG_WARN_BOOL_CONVERSION = YES;
				CLANG_WARN_CONSTANT_CONVERSION = YES;
				CLANG_WARN_DIRECT_OBJC_ISA_USAGE = YES_ERROR;
				CLANG_WARN_EMPTY_BODY = YES;
				CLANG_WARN_ENUM_CONVERSION = YES;
				CLANG_WARN_INT_CONVERSION = YES;
				CLANG_WARN_OBJC_ROOT_CLASS = YES_ERROR;
				CLANG_WARN_UNREACHABLE_CODE = YES;
				CLANG_WARN__DUPLICATE_METHOD_MATCH = YES;
				CODE_SIGN_IDENTITY = "-";
				COPY_PHASE_STRIP = NO;
				ENABLE_STRICT_OBJC_MSGSEND = YES;
				GCC_C_LANGUAGE_STANDARD = gnu99;
				GCC_DYNAMIC_NO_PIC = NO;
				GCC_OPTIMIZATION_LEVEL = 0;
				GCC_PREPROCESSOR_DEFINITIONS = (
					"DEBUG=1",
					"$(inherited)",
				);
				GCC_SYMBOLS_PRIVATE_EXTERN = NO;
				GCC_WARN_64_TO_32_BIT_CONVERSION = YES;
				GCC_WARN_ABOUT_RETURN_TYPE = YES_ERROR;
				GCC_WARN_UNDECLARED_SELECTOR = YES;
				GCC_WARN_UNINITIALIZED_AUTOS = YES_AGGRESSIVE;
				GCC_WARN_UNUSED_FUNCTION = YES;
				GCC_WARN_UNUSED_VARIABLE = YES;
				MACOSX_DEPLOYMENT_TARGET = 10.10;
				MTL_ENABLE_DEBUG_INFO = YES;
				ONLY_ACTIVE_ARCH = YES;
				SDKROOT = macosx;
			};
			name = Debug;
		};
		CDBF22F31A99C917001E25AB /* Release */ = {
			isa = XCBuildConfiguration;
			buildSettings = {
				ALWAYS_SEARCH_USER_PATHS = NO;
				CLANG_CXX_LANGUAGE_STANDARD = "gnu++0x";
				CLANG_CXX_LIBRARY = "libc++";
				CLANG_ENABLE_MODULES = YES;
				CLANG_ENABLE_OBJC_ARC = YES;
				CLANG_WARN_BOOL_CONVERSION = YES;
				CLANG_WARN_CONSTANT_CONVERSION = YES;
				CLANG_WARN_DIRECT_OBJC_ISA_USAGE = YES_ERROR;
				CLANG_WARN_EMPTY_BODY = YES;
				CLANG_WARN_ENUM_CONVERSION = YES;
				CLANG_WARN_INT_CONVERSION = YES;
				CLANG_WARN_OBJC_ROOT_CLASS = YES_ERROR;
				CLANG_WARN_UNREACHABLE_CODE = YES;
				CLANG_WARN__DUPLICATE_METHOD_MATCH = YES;
				CODE_SIGN_IDENTITY = "-";
				COPY_PHASE_STRIP = YES;
				DEBUG_INFORMATION_FORMAT = "dwarf-with-dsym";
				ENABLE_NS_ASSERTIONS = NO;
				ENABLE_STRICT_OBJC_MSGSEND = YES;
				GCC_C_LANGUAGE_STANDARD = gnu99;
				GCC_WARN_64_TO_32_BIT_CONVERSION = YES;
				GCC_WARN_ABOUT_RETURN_TYPE = YES_ERROR;
				GCC_WARN_UNDECLARED_SELECTOR = YES;
				GCC_WARN_UNINITIALIZED_AUTOS = YES_AGGRESSIVE;
				GCC_WARN_UNUSED_FUNCTION = YES;
				GCC_WARN_UNUSED_VARIABLE = YES;
				MACOSX_DEPLOYMENT_TARGET = 10.10;
				MTL_ENABLE_DEBUG_INFO = NO;
				SDKROOT = macosx;
			};
			name = Release;
		};
		CDBF22F51A99C917001E25AB /* Debug */ = {
			isa = XCBuildConfiguration;
			buildSettings = {
				ASSETCATALOG_COMPILER_APPICON_NAME = AppIcon;
				COMBINE_HIDPI_IMAGES = YES;
				INFOPLIST_FILE = BlueWizard/Info.plist;
				LD_RUNPATH_SEARCH_PATHS = "$(inherited) @executable_path/../Frameworks";
				MACOSX_DEPLOYMENT_TARGET = 10.10;
				PRODUCT_NAME = "$(TARGET_NAME)";
				USER_HEADER_SEARCH_PATHS = "$(PROJECT_DIR)/**";
			};
			name = Debug;
		};
		CDBF22F61A99C917001E25AB /* Release */ = {
			isa = XCBuildConfiguration;
			buildSettings = {
				ASSETCATALOG_COMPILER_APPICON_NAME = AppIcon;
				COMBINE_HIDPI_IMAGES = YES;
				INFOPLIST_FILE = BlueWizard/Info.plist;
				LD_RUNPATH_SEARCH_PATHS = "$(inherited) @executable_path/../Frameworks";
				MACOSX_DEPLOYMENT_TARGET = 10.10;
				PRODUCT_NAME = "$(TARGET_NAME)";
				USER_HEADER_SEARCH_PATHS = "$(PROJECT_DIR)/**";
			};
			name = Release;
		};
		CDBF22F81A99C917001E25AB /* Debug */ = {
			isa = XCBuildConfiguration;
			baseConfigurationReference = 081AC1A4326C7E60C28C4025 /* Pods-BlueWizardTests.debug.xcconfig */;
			buildSettings = {
				BUNDLE_LOADER = "$(TEST_HOST)";
				COMBINE_HIDPI_IMAGES = YES;
				FRAMEWORK_SEARCH_PATHS = (
					"$(DEVELOPER_FRAMEWORKS_DIR)",
					"$(inherited)",
				);
				GCC_PREPROCESSOR_DEFINITIONS = (
					"DEBUG=1",
					"$(inherited)",
				);
				HEADER_SEARCH_PATHS = (
					"$(inherited)",
					"$(PROJECT_DIR)/usr/include",
				);
				INFOPLIST_FILE = BlueWizardTests/Info.plist;
				LD_RUNPATH_SEARCH_PATHS = "$(inherited) @executable_path/../Frameworks @loader_path/../Frameworks";
				OTHER_CFLAGS = (
					"$(inherited)",
					"-isystem",
					"\"${PODS_ROOT}/Headers/Public\"",
					"-isystem",
				);
				OTHER_LDFLAGS = (
					"-ObjC",
					"$(inherited)",
				);
				PRODUCT_NAME = "$(TARGET_NAME)";
				TEST_HOST = "$(BUILT_PRODUCTS_DIR)/BlueWizard.app/Contents/MacOS/BlueWizard";
			};
			name = Debug;
		};
		CDBF22F91A99C917001E25AB /* Release */ = {
			isa = XCBuildConfiguration;
			baseConfigurationReference = 4D0C831C58081BACD3B2165D /* Pods-BlueWizardTests.release.xcconfig */;
			buildSettings = {
				BUNDLE_LOADER = "$(TEST_HOST)";
				COMBINE_HIDPI_IMAGES = YES;
				FRAMEWORK_SEARCH_PATHS = (
					"$(DEVELOPER_FRAMEWORKS_DIR)",
					"$(inherited)",
				);
				HEADER_SEARCH_PATHS = (
					"$(inherited)",
					"$(PROJECT_DIR)/usr/include",
				);
				INFOPLIST_FILE = BlueWizardTests/Info.plist;
				LD_RUNPATH_SEARCH_PATHS = "$(inherited) @executable_path/../Frameworks @loader_path/../Frameworks";
				OTHER_CFLAGS = (
					"$(inherited)",
					"-isystem",
					"\"${PODS_ROOT}/Headers/Public\"",
					"-isystem",
				);
				OTHER_LDFLAGS = (
					"-ObjC",
					"$(inherited)",
				);
				PRODUCT_NAME = "$(TARGET_NAME)";
				TEST_HOST = "$(BUILT_PRODUCTS_DIR)/BlueWizard.app/Contents/MacOS/BlueWizard";
			};
			name = Release;
		};
/* End XCBuildConfiguration section */

/* Begin XCConfigurationList section */
		CDBF22CF1A99C916001E25AB /* Build configuration list for PBXProject "BlueWizard" */ = {
			isa = XCConfigurationList;
			buildConfigurations = (
				CDBF22F21A99C917001E25AB /* Debug */,
				CDBF22F31A99C917001E25AB /* Release */,
			);
			defaultConfigurationIsVisible = 0;
			defaultConfigurationName = Release;
		};
		CDBF22F41A99C917001E25AB /* Build configuration list for PBXNativeTarget "BlueWizard" */ = {
			isa = XCConfigurationList;
			buildConfigurations = (
				CDBF22F51A99C917001E25AB /* Debug */,
				CDBF22F61A99C917001E25AB /* Release */,
			);
			defaultConfigurationIsVisible = 0;
			defaultConfigurationName = Release;
		};
		CDBF22F71A99C917001E25AB /* Build configuration list for PBXNativeTarget "BlueWizardTests" */ = {
			isa = XCConfigurationList;
			buildConfigurations = (
				CDBF22F81A99C917001E25AB /* Debug */,
				CDBF22F91A99C917001E25AB /* Release */,
			);
			defaultConfigurationIsVisible = 0;
			defaultConfigurationName = Release;
		};
/* End XCConfigurationList section */
	};
	rootObject = CDBF22CC1A99C916001E25AB /* Project object */;
}
